
Microsoft Visual Studio Solution File, Format Version 12.00
# Visual Studio 15
VisualStudioVersion = 15.0.27703.2035
MinimumVisualStudioVersion = 10.0.40219.1
Project("{FAE04EC0-301F-11D3-BF4B-00C04F79EFBC}") = "Cross.DataVault", "Cross.DataVault\Cross.DataVault\Cross.DataVault.csproj", "{64B3F46B-C49F-4B35-9AEE-D45CD3AFB64E}"
EndProject
Project("{FAE04EC0-301F-11D3-BF4B-00C04F79EFBC}") = "Cross.DataVault.Android", "Cross.DataVault\Cross.DataVault.Android\Cross.DataVault.Android.csproj", "{C0C39527-29EE-42C3-8F50-43E7B267A585}"
EndProject
Project("{FAE04EC0-301F-11D3-BF4B-00C04F79EFBC}") = "Cross.DataVault.UWP", "Cross.DataVault\Cross.DataVault.UWP\Cross.DataVault.UWP.csproj", "{753F947B-0F60-403B-BC1A-A4B540A9151E}"
EndProject
Project("{FAE04EC0-301F-11D3-BF4B-00C04F79EFBC}") = "Cross.DataVault.iOS", "Cross.DataVault\Cross.DataVault.iOS\Cross.DataVault.iOS.csproj", "{E44A0763-B53E-458B-8C50-93ECBFEE2B8F}"
EndProject
Project("{2150E333-8FDC-42A3-9474-1A3956D46DE8}") = "Clients", "Clients", "{6C1FD4A6-8478-486A-87A7-A6BAE421FBBD}"
EndProject
Project("{2150E333-8FDC-42A3-9474-1A3956D46DE8}") = "Busines", "Busines", "{5D804247-9285-43F8-8875-324374E12865}"
EndProject
Project("{2150E333-8FDC-42A3-9474-1A3956D46DE8}") = "Core", "Core", "{16F6221C-FEEB-4CE4-AD79-CAEB61A4BDEE}"
EndProject
Project("{2150E333-8FDC-42A3-9474-1A3956D46DE8}") = "Helpers", "Helpers", "{CE29A4A5-2012-4E70-805B-548616212348}"
EndProject
Project("{FAE04EC0-301F-11D3-BF4B-00C04F79EFBC}") = "Cross.DataVault.Data", "Cross.DataVault.Data\Cross.DataVault.Data.csproj", "{8C18E2A4-4DC0-4E1A-A6AC-36315E2B00C2}"
EndProject
Project("{2150E333-8FDC-42A3-9474-1A3956D46DE8}") = "Web", "Web", "{BB9F6590-E8F3-4621-9C4A-57EDA04CBFA4}"
EndProject
Project("{FAE04EC0-301F-11D3-BF4B-00C04F79EFBC}") = "Cross.DataVault.Contracts", "Cross.DataVault.Contracts\Cross.DataVault.Contracts.csproj", "{AE0E6935-9DEA-4F3A-A6DA-88893E69A5FA}"
EndProject
Project("{FAE04EC0-301F-11D3-BF4B-00C04F79EFBC}") = "Cross.DataVault.Data.Server", "Cross.DataVault.Data.Server\Cross.DataVault.Data.Server.csproj", "{2E39DB23-F13B-42AC-88A1-5EC9AA847214}"
EndProject
Project("{CC5FD16D-436D-48AD-A40C-5A424C6E3E79}") = "Cross.DataVault.CloudService", "Cross.DataVault.CloudService\Cross.DataVault.CloudService.ccproj", "{9A064356-B3C0-4A27-B0ED-DC8D300F0226}"
EndProject
Project("{FAE04EC0-301F-11D3-BF4B-00C04F79EFBC}") = "DataVaultService", "DataVaultService\DataVaultService.csproj", "{A8162A8D-6484-47BC-BEA4-30D2644949E7}"
EndProject
Project("{FAE04EC0-301F-11D3-BF4B-00C04F79EFBC}") = "Cross.DataVault.Server.DataAccess", "Cross.DataVault.Server.DataAccess\Cross.DataVault.Server.DataAccess.csproj", "{86F36726-C117-4CC7-9378-587AAD4AFDD8}"
EndProject
Project("{FAE04EC0-301F-11D3-BF4B-00C04F79EFBC}") = "DataVaultService.AccountManagement", "DataVaultService.AccountManagement\DataVaultService.AccountManagement.csproj", "{90529955-3126-4DE8-AF3A-A13D9CF1F479}"
EndProject
Project("{FAE04EC0-301F-11D3-BF4B-00C04F79EFBC}") = "Cross.DataVault.ServiceAccess.PCL", "Cross.DataVault.ServiceAccess.PCL\Cross.DataVault.ServiceAccess.PCL.csproj", "{7D9BB6F0-1271-41F9-97E8-327855CBE3A6}"
	ProjectSection(ProjectDependencies) = postProject
		{A8162A8D-6484-47BC-BEA4-30D2644949E7} = {A8162A8D-6484-47BC-BEA4-30D2644949E7}
	EndProjectSection
EndProject
Project("{FAE04EC0-301F-11D3-BF4B-00C04F79EFBC}") = "Cross.DataVault.Helpers", "Cross.DataVault.Helpers\Cross.DataVault.Helpers.csproj", "{27475454-5858-4EE3-A821-57D7CDC64312}"
EndProject
Global
	GlobalSection(SolutionConfigurationPlatforms) = preSolution
		Ad-Hoc|Any CPU = Ad-Hoc|Any CPU
		Ad-Hoc|ARM = Ad-Hoc|ARM
		Ad-Hoc|iPhone = Ad-Hoc|iPhone
		Ad-Hoc|iPhoneSimulator = Ad-Hoc|iPhoneSimulator
		Ad-Hoc|x64 = Ad-Hoc|x64
		Ad-Hoc|x86 = Ad-Hoc|x86
		AppStore|Any CPU = AppStore|Any CPU
		AppStore|ARM = AppStore|ARM
		AppStore|iPhone = AppStore|iPhone
		AppStore|iPhoneSimulator = AppStore|iPhoneSimulator
		AppStore|x64 = AppStore|x64
		AppStore|x86 = AppStore|x86
		Debug|Any CPU = Debug|Any CPU
		Debug|ARM = Debug|ARM
		Debug|iPhone = Debug|iPhone
		Debug|iPhoneSimulator = Debug|iPhoneSimulator
		Debug|x64 = Debug|x64
		Debug|x86 = Debug|x86
		Release|Any CPU = Release|Any CPU
		Release|ARM = Release|ARM
		Release|iPhone = Release|iPhone
		Release|iPhoneSimulator = Release|iPhoneSimulator
		Release|x64 = Release|x64
		Release|x86 = Release|x86
	EndGlobalSection
	GlobalSection(ProjectConfigurationPlatforms) = postSolution
		{64B3F46B-C49F-4B35-9AEE-D45CD3AFB64E}.Ad-Hoc|Any CPU.ActiveCfg = Release|Any CPU
		{64B3F46B-C49F-4B35-9AEE-D45CD3AFB64E}.Ad-Hoc|Any CPU.Build.0 = Release|Any CPU
		{64B3F46B-C49F-4B35-9AEE-D45CD3AFB64E}.Ad-Hoc|ARM.ActiveCfg = Release|Any CPU
		{64B3F46B-C49F-4B35-9AEE-D45CD3AFB64E}.Ad-Hoc|ARM.Build.0 = Release|Any CPU
		{64B3F46B-C49F-4B35-9AEE-D45CD3AFB64E}.Ad-Hoc|iPhone.ActiveCfg = Release|Any CPU
		{64B3F46B-C49F-4B35-9AEE-D45CD3AFB64E}.Ad-Hoc|iPhone.Build.0 = Release|Any CPU
		{64B3F46B-C49F-4B35-9AEE-D45CD3AFB64E}.Ad-Hoc|iPhoneSimulator.ActiveCfg = Release|Any CPU
		{64B3F46B-C49F-4B35-9AEE-D45CD3AFB64E}.Ad-Hoc|iPhoneSimulator.Build.0 = Release|Any CPU
		{64B3F46B-C49F-4B35-9AEE-D45CD3AFB64E}.Ad-Hoc|x64.ActiveCfg = Release|Any CPU
		{64B3F46B-C49F-4B35-9AEE-D45CD3AFB64E}.Ad-Hoc|x64.Build.0 = Release|Any CPU
		{64B3F46B-C49F-4B35-9AEE-D45CD3AFB64E}.Ad-Hoc|x86.ActiveCfg = Release|Any CPU
		{64B3F46B-C49F-4B35-9AEE-D45CD3AFB64E}.Ad-Hoc|x86.Build.0 = Release|Any CPU
		{64B3F46B-C49F-4B35-9AEE-D45CD3AFB64E}.AppStore|Any CPU.ActiveCfg = Release|Any CPU
		{64B3F46B-C49F-4B35-9AEE-D45CD3AFB64E}.AppStore|Any CPU.Build.0 = Release|Any CPU
		{64B3F46B-C49F-4B35-9AEE-D45CD3AFB64E}.AppStore|ARM.ActiveCfg = Release|Any CPU
		{64B3F46B-C49F-4B35-9AEE-D45CD3AFB64E}.AppStore|ARM.Build.0 = Release|Any CPU
		{64B3F46B-C49F-4B35-9AEE-D45CD3AFB64E}.AppStore|iPhone.ActiveCfg = Release|Any CPU
		{64B3F46B-C49F-4B35-9AEE-D45CD3AFB64E}.AppStore|iPhone.Build.0 = Release|Any CPU
		{64B3F46B-C49F-4B35-9AEE-D45CD3AFB64E}.AppStore|iPhoneSimulator.ActiveCfg = Release|Any CPU
		{64B3F46B-C49F-4B35-9AEE-D45CD3AFB64E}.AppStore|iPhoneSimulator.Build.0 = Release|Any CPU
		{64B3F46B-C49F-4B35-9AEE-D45CD3AFB64E}.AppStore|x64.ActiveCfg = Release|Any CPU
		{64B3F46B-C49F-4B35-9AEE-D45CD3AFB64E}.AppStore|x64.Build.0 = Release|Any CPU
		{64B3F46B-C49F-4B35-9AEE-D45CD3AFB64E}.AppStore|x86.ActiveCfg = Release|Any CPU
		{64B3F46B-C49F-4B35-9AEE-D45CD3AFB64E}.AppStore|x86.Build.0 = Release|Any CPU
		{64B3F46B-C49F-4B35-9AEE-D45CD3AFB64E}.Debug|Any CPU.ActiveCfg = Debug|Any CPU
		{64B3F46B-C49F-4B35-9AEE-D45CD3AFB64E}.Debug|Any CPU.Build.0 = Debug|Any CPU
		{64B3F46B-C49F-4B35-9AEE-D45CD3AFB64E}.Debug|ARM.ActiveCfg = Debug|Any CPU
		{64B3F46B-C49F-4B35-9AEE-D45CD3AFB64E}.Debug|ARM.Build.0 = Debug|Any CPU
		{64B3F46B-C49F-4B35-9AEE-D45CD3AFB64E}.Debug|iPhone.ActiveCfg = Debug|Any CPU
		{64B3F46B-C49F-4B35-9AEE-D45CD3AFB64E}.Debug|iPhone.Build.0 = Debug|Any CPU
		{64B3F46B-C49F-4B35-9AEE-D45CD3AFB64E}.Debug|iPhoneSimulator.ActiveCfg = Debug|Any CPU
		{64B3F46B-C49F-4B35-9AEE-D45CD3AFB64E}.Debug|iPhoneSimulator.Build.0 = Debug|Any CPU
		{64B3F46B-C49F-4B35-9AEE-D45CD3AFB64E}.Debug|x64.ActiveCfg = Debug|Any CPU
		{64B3F46B-C49F-4B35-9AEE-D45CD3AFB64E}.Debug|x64.Build.0 = Debug|Any CPU
		{64B3F46B-C49F-4B35-9AEE-D45CD3AFB64E}.Debug|x86.ActiveCfg = Debug|Any CPU
		{64B3F46B-C49F-4B35-9AEE-D45CD3AFB64E}.Debug|x86.Build.0 = Debug|Any CPU
		{64B3F46B-C49F-4B35-9AEE-D45CD3AFB64E}.Release|Any CPU.ActiveCfg = Release|Any CPU
		{64B3F46B-C49F-4B35-9AEE-D45CD3AFB64E}.Release|Any CPU.Build.0 = Release|Any CPU
		{64B3F46B-C49F-4B35-9AEE-D45CD3AFB64E}.Release|ARM.ActiveCfg = Release|Any CPU
		{64B3F46B-C49F-4B35-9AEE-D45CD3AFB64E}.Release|ARM.Build.0 = Release|Any CPU
		{64B3F46B-C49F-4B35-9AEE-D45CD3AFB64E}.Release|iPhone.ActiveCfg = Release|Any CPU
		{64B3F46B-C49F-4B35-9AEE-D45CD3AFB64E}.Release|iPhone.Build.0 = Release|Any CPU
		{64B3F46B-C49F-4B35-9AEE-D45CD3AFB64E}.Release|iPhoneSimulator.ActiveCfg = Release|Any CPU
		{64B3F46B-C49F-4B35-9AEE-D45CD3AFB64E}.Release|iPhoneSimulator.Build.0 = Release|Any CPU
		{64B3F46B-C49F-4B35-9AEE-D45CD3AFB64E}.Release|x64.ActiveCfg = Release|Any CPU
		{64B3F46B-C49F-4B35-9AEE-D45CD3AFB64E}.Release|x64.Build.0 = Release|Any CPU
		{64B3F46B-C49F-4B35-9AEE-D45CD3AFB64E}.Release|x86.ActiveCfg = Release|Any CPU
		{64B3F46B-C49F-4B35-9AEE-D45CD3AFB64E}.Release|x86.Build.0 = Release|Any CPU
		{C0C39527-29EE-42C3-8F50-43E7B267A585}.Ad-Hoc|Any CPU.ActiveCfg = Release|Any CPU
		{C0C39527-29EE-42C3-8F50-43E7B267A585}.Ad-Hoc|Any CPU.Build.0 = Release|Any CPU
		{C0C39527-29EE-42C3-8F50-43E7B267A585}.Ad-Hoc|Any CPU.Deploy.0 = Release|Any CPU
		{C0C39527-29EE-42C3-8F50-43E7B267A585}.Ad-Hoc|ARM.ActiveCfg = Release|Any CPU
		{C0C39527-29EE-42C3-8F50-43E7B267A585}.Ad-Hoc|ARM.Build.0 = Release|Any CPU
		{C0C39527-29EE-42C3-8F50-43E7B267A585}.Ad-Hoc|ARM.Deploy.0 = Release|Any CPU
		{C0C39527-29EE-42C3-8F50-43E7B267A585}.Ad-Hoc|iPhone.ActiveCfg = Release|Any CPU
		{C0C39527-29EE-42C3-8F50-43E7B267A585}.Ad-Hoc|iPhone.Build.0 = Release|Any CPU
		{C0C39527-29EE-42C3-8F50-43E7B267A585}.Ad-Hoc|iPhone.Deploy.0 = Release|Any CPU
		{C0C39527-29EE-42C3-8F50-43E7B267A585}.Ad-Hoc|iPhoneSimulator.ActiveCfg = Release|Any CPU
		{C0C39527-29EE-42C3-8F50-43E7B267A585}.Ad-Hoc|iPhoneSimulator.Build.0 = Release|Any CPU
		{C0C39527-29EE-42C3-8F50-43E7B267A585}.Ad-Hoc|iPhoneSimulator.Deploy.0 = Release|Any CPU
		{C0C39527-29EE-42C3-8F50-43E7B267A585}.Ad-Hoc|x64.ActiveCfg = Release|Any CPU
		{C0C39527-29EE-42C3-8F50-43E7B267A585}.Ad-Hoc|x64.Build.0 = Release|Any CPU
		{C0C39527-29EE-42C3-8F50-43E7B267A585}.Ad-Hoc|x64.Deploy.0 = Release|Any CPU
		{C0C39527-29EE-42C3-8F50-43E7B267A585}.Ad-Hoc|x86.ActiveCfg = Release|Any CPU
		{C0C39527-29EE-42C3-8F50-43E7B267A585}.Ad-Hoc|x86.Build.0 = Release|Any CPU
		{C0C39527-29EE-42C3-8F50-43E7B267A585}.Ad-Hoc|x86.Deploy.0 = Release|Any CPU
		{C0C39527-29EE-42C3-8F50-43E7B267A585}.AppStore|Any CPU.ActiveCfg = Release|Any CPU
		{C0C39527-29EE-42C3-8F50-43E7B267A585}.AppStore|Any CPU.Build.0 = Release|Any CPU
		{C0C39527-29EE-42C3-8F50-43E7B267A585}.AppStore|Any CPU.Deploy.0 = Release|Any CPU
		{C0C39527-29EE-42C3-8F50-43E7B267A585}.AppStore|ARM.ActiveCfg = Release|Any CPU
		{C0C39527-29EE-42C3-8F50-43E7B267A585}.AppStore|ARM.Build.0 = Release|Any CPU
		{C0C39527-29EE-42C3-8F50-43E7B267A585}.AppStore|ARM.Deploy.0 = Release|Any CPU
		{C0C39527-29EE-42C3-8F50-43E7B267A585}.AppStore|iPhone.ActiveCfg = Release|Any CPU
		{C0C39527-29EE-42C3-8F50-43E7B267A585}.AppStore|iPhone.Build.0 = Release|Any CPU
		{C0C39527-29EE-42C3-8F50-43E7B267A585}.AppStore|iPhone.Deploy.0 = Release|Any CPU
		{C0C39527-29EE-42C3-8F50-43E7B267A585}.AppStore|iPhoneSimulator.ActiveCfg = Release|Any CPU
		{C0C39527-29EE-42C3-8F50-43E7B267A585}.AppStore|iPhoneSimulator.Build.0 = Release|Any CPU
		{C0C39527-29EE-42C3-8F50-43E7B267A585}.AppStore|iPhoneSimulator.Deploy.0 = Release|Any CPU
		{C0C39527-29EE-42C3-8F50-43E7B267A585}.AppStore|x64.ActiveCfg = Release|Any CPU
		{C0C39527-29EE-42C3-8F50-43E7B267A585}.AppStore|x64.Build.0 = Release|Any CPU
		{C0C39527-29EE-42C3-8F50-43E7B267A585}.AppStore|x64.Deploy.0 = Release|Any CPU
		{C0C39527-29EE-42C3-8F50-43E7B267A585}.AppStore|x86.ActiveCfg = Release|Any CPU
		{C0C39527-29EE-42C3-8F50-43E7B267A585}.AppStore|x86.Build.0 = Release|Any CPU
		{C0C39527-29EE-42C3-8F50-43E7B267A585}.AppStore|x86.Deploy.0 = Release|Any CPU
		{C0C39527-29EE-42C3-8F50-43E7B267A585}.Debug|Any CPU.ActiveCfg = Debug|Any CPU
		{C0C39527-29EE-42C3-8F50-43E7B267A585}.Debug|Any CPU.Build.0 = Debug|Any CPU
		{C0C39527-29EE-42C3-8F50-43E7B267A585}.Debug|Any CPU.Deploy.0 = Debug|Any CPU
		{C0C39527-29EE-42C3-8F50-43E7B267A585}.Debug|ARM.ActiveCfg = Debug|Any CPU
		{C0C39527-29EE-42C3-8F50-43E7B267A585}.Debug|ARM.Build.0 = Debug|Any CPU
		{C0C39527-29EE-42C3-8F50-43E7B267A585}.Debug|ARM.Deploy.0 = Debug|Any CPU
		{C0C39527-29EE-42C3-8F50-43E7B267A585}.Debug|iPhone.ActiveCfg = Debug|Any CPU
		{C0C39527-29EE-42C3-8F50-43E7B267A585}.Debug|iPhone.Build.0 = Debug|Any CPU
		{C0C39527-29EE-42C3-8F50-43E7B267A585}.Debug|iPhone.Deploy.0 = Debug|Any CPU
		{C0C39527-29EE-42C3-8F50-43E7B267A585}.Debug|iPhoneSimulator.ActiveCfg = Debug|Any CPU
		{C0C39527-29EE-42C3-8F50-43E7B267A585}.Debug|iPhoneSimulator.Build.0 = Debug|Any CPU
		{C0C39527-29EE-42C3-8F50-43E7B267A585}.Debug|iPhoneSimulator.Deploy.0 = Debug|Any CPU
		{C0C39527-29EE-42C3-8F50-43E7B267A585}.Debug|x64.ActiveCfg = Debug|Any CPU
		{C0C39527-29EE-42C3-8F50-43E7B267A585}.Debug|x64.Build.0 = Debug|Any CPU
		{C0C39527-29EE-42C3-8F50-43E7B267A585}.Debug|x64.Deploy.0 = Debug|Any CPU
		{C0C39527-29EE-42C3-8F50-43E7B267A585}.Debug|x86.ActiveCfg = Debug|Any CPU
		{C0C39527-29EE-42C3-8F50-43E7B267A585}.Debug|x86.Build.0 = Debug|Any CPU
		{C0C39527-29EE-42C3-8F50-43E7B267A585}.Debug|x86.Deploy.0 = Debug|Any CPU
		{C0C39527-29EE-42C3-8F50-43E7B267A585}.Release|Any CPU.ActiveCfg = Release|Any CPU
		{C0C39527-29EE-42C3-8F50-43E7B267A585}.Release|Any CPU.Build.0 = Release|Any CPU
		{C0C39527-29EE-42C3-8F50-43E7B267A585}.Release|Any CPU.Deploy.0 = Release|Any CPU
		{C0C39527-29EE-42C3-8F50-43E7B267A585}.Release|ARM.ActiveCfg = Release|Any CPU
		{C0C39527-29EE-42C3-8F50-43E7B267A585}.Release|ARM.Build.0 = Release|Any CPU
		{C0C39527-29EE-42C3-8F50-43E7B267A585}.Release|ARM.Deploy.0 = Release|Any CPU
		{C0C39527-29EE-42C3-8F50-43E7B267A585}.Release|iPhone.ActiveCfg = Release|Any CPU
		{C0C39527-29EE-42C3-8F50-43E7B267A585}.Release|iPhone.Build.0 = Release|Any CPU
		{C0C39527-29EE-42C3-8F50-43E7B267A585}.Release|iPhone.Deploy.0 = Release|Any CPU
		{C0C39527-29EE-42C3-8F50-43E7B267A585}.Release|iPhoneSimulator.ActiveCfg = Release|Any CPU
		{C0C39527-29EE-42C3-8F50-43E7B267A585}.Release|iPhoneSimulator.Build.0 = Release|Any CPU
		{C0C39527-29EE-42C3-8F50-43E7B267A585}.Release|iPhoneSimulator.Deploy.0 = Release|Any CPU
		{C0C39527-29EE-42C3-8F50-43E7B267A585}.Release|x64.ActiveCfg = Release|Any CPU
		{C0C39527-29EE-42C3-8F50-43E7B267A585}.Release|x64.Build.0 = Release|Any CPU
		{C0C39527-29EE-42C3-8F50-43E7B267A585}.Release|x64.Deploy.0 = Release|Any CPU
		{C0C39527-29EE-42C3-8F50-43E7B267A585}.Release|x86.ActiveCfg = Release|Any CPU
		{C0C39527-29EE-42C3-8F50-43E7B267A585}.Release|x86.Build.0 = Release|Any CPU
		{C0C39527-29EE-42C3-8F50-43E7B267A585}.Release|x86.Deploy.0 = Release|Any CPU
		{753F947B-0F60-403B-BC1A-A4B540A9151E}.Ad-Hoc|Any CPU.ActiveCfg = Release|x86
		{753F947B-0F60-403B-BC1A-A4B540A9151E}.Ad-Hoc|Any CPU.Build.0 = Release|x86
		{753F947B-0F60-403B-BC1A-A4B540A9151E}.Ad-Hoc|Any CPU.Deploy.0 = Release|x86
		{753F947B-0F60-403B-BC1A-A4B540A9151E}.Ad-Hoc|ARM.ActiveCfg = Release|ARM
		{753F947B-0F60-403B-BC1A-A4B540A9151E}.Ad-Hoc|ARM.Build.0 = Release|ARM
		{753F947B-0F60-403B-BC1A-A4B540A9151E}.Ad-Hoc|ARM.Deploy.0 = Release|ARM
		{753F947B-0F60-403B-BC1A-A4B540A9151E}.Ad-Hoc|iPhone.ActiveCfg = Release|x86
		{753F947B-0F60-403B-BC1A-A4B540A9151E}.Ad-Hoc|iPhone.Build.0 = Release|x86
		{753F947B-0F60-403B-BC1A-A4B540A9151E}.Ad-Hoc|iPhone.Deploy.0 = Release|x86
		{753F947B-0F60-403B-BC1A-A4B540A9151E}.Ad-Hoc|iPhoneSimulator.ActiveCfg = Release|x86
		{753F947B-0F60-403B-BC1A-A4B540A9151E}.Ad-Hoc|iPhoneSimulator.Build.0 = Release|x86
		{753F947B-0F60-403B-BC1A-A4B540A9151E}.Ad-Hoc|iPhoneSimulator.Deploy.0 = Release|x86
		{753F947B-0F60-403B-BC1A-A4B540A9151E}.Ad-Hoc|x64.ActiveCfg = Release|x64
		{753F947B-0F60-403B-BC1A-A4B540A9151E}.Ad-Hoc|x64.Build.0 = Release|x64
		{753F947B-0F60-403B-BC1A-A4B540A9151E}.Ad-Hoc|x64.Deploy.0 = Release|x64
		{753F947B-0F60-403B-BC1A-A4B540A9151E}.Ad-Hoc|x86.ActiveCfg = Release|x86
		{753F947B-0F60-403B-BC1A-A4B540A9151E}.Ad-Hoc|x86.Build.0 = Release|x86
		{753F947B-0F60-403B-BC1A-A4B540A9151E}.Ad-Hoc|x86.Deploy.0 = Release|x86
		{753F947B-0F60-403B-BC1A-A4B540A9151E}.AppStore|Any CPU.ActiveCfg = Release|x86
		{753F947B-0F60-403B-BC1A-A4B540A9151E}.AppStore|Any CPU.Build.0 = Release|x86
		{753F947B-0F60-403B-BC1A-A4B540A9151E}.AppStore|Any CPU.Deploy.0 = Release|x86
		{753F947B-0F60-403B-BC1A-A4B540A9151E}.AppStore|ARM.ActiveCfg = Release|ARM
		{753F947B-0F60-403B-BC1A-A4B540A9151E}.AppStore|ARM.Build.0 = Release|ARM
		{753F947B-0F60-403B-BC1A-A4B540A9151E}.AppStore|ARM.Deploy.0 = Release|ARM
		{753F947B-0F60-403B-BC1A-A4B540A9151E}.AppStore|iPhone.ActiveCfg = Release|x86
		{753F947B-0F60-403B-BC1A-A4B540A9151E}.AppStore|iPhone.Build.0 = Release|x86
		{753F947B-0F60-403B-BC1A-A4B540A9151E}.AppStore|iPhone.Deploy.0 = Release|x86
		{753F947B-0F60-403B-BC1A-A4B540A9151E}.AppStore|iPhoneSimulator.ActiveCfg = Release|x86
		{753F947B-0F60-403B-BC1A-A4B540A9151E}.AppStore|iPhoneSimulator.Build.0 = Release|x86
		{753F947B-0F60-403B-BC1A-A4B540A9151E}.AppStore|iPhoneSimulator.Deploy.0 = Release|x86
		{753F947B-0F60-403B-BC1A-A4B540A9151E}.AppStore|x64.ActiveCfg = Release|x64
		{753F947B-0F60-403B-BC1A-A4B540A9151E}.AppStore|x64.Build.0 = Release|x64
		{753F947B-0F60-403B-BC1A-A4B540A9151E}.AppStore|x64.Deploy.0 = Release|x64
		{753F947B-0F60-403B-BC1A-A4B540A9151E}.AppStore|x86.ActiveCfg = Release|x86
		{753F947B-0F60-403B-BC1A-A4B540A9151E}.AppStore|x86.Build.0 = Release|x86
		{753F947B-0F60-403B-BC1A-A4B540A9151E}.AppStore|x86.Deploy.0 = Release|x86
		{753F947B-0F60-403B-BC1A-A4B540A9151E}.Debug|Any CPU.ActiveCfg = Debug|x86
		{753F947B-0F60-403B-BC1A-A4B540A9151E}.Debug|ARM.ActiveCfg = Debug|ARM
		{753F947B-0F60-403B-BC1A-A4B540A9151E}.Debug|ARM.Build.0 = Debug|ARM
		{753F947B-0F60-403B-BC1A-A4B540A9151E}.Debug|ARM.Deploy.0 = Debug|ARM
		{753F947B-0F60-403B-BC1A-A4B540A9151E}.Debug|iPhone.ActiveCfg = Debug|x86
		{753F947B-0F60-403B-BC1A-A4B540A9151E}.Debug|iPhoneSimulator.ActiveCfg = Debug|x86
		{753F947B-0F60-403B-BC1A-A4B540A9151E}.Debug|x64.ActiveCfg = Debug|x64
		{753F947B-0F60-403B-BC1A-A4B540A9151E}.Debug|x64.Build.0 = Debug|x64
		{753F947B-0F60-403B-BC1A-A4B540A9151E}.Debug|x64.Deploy.0 = Debug|x64
		{753F947B-0F60-403B-BC1A-A4B540A9151E}.Debug|x86.ActiveCfg = Debug|x86
		{753F947B-0F60-403B-BC1A-A4B540A9151E}.Debug|x86.Build.0 = Debug|x86
		{753F947B-0F60-403B-BC1A-A4B540A9151E}.Debug|x86.Deploy.0 = Debug|x86
		{753F947B-0F60-403B-BC1A-A4B540A9151E}.Release|Any CPU.ActiveCfg = Release|x86
		{753F947B-0F60-403B-BC1A-A4B540A9151E}.Release|ARM.ActiveCfg = Release|ARM
		{753F947B-0F60-403B-BC1A-A4B540A9151E}.Release|ARM.Build.0 = Release|ARM
		{753F947B-0F60-403B-BC1A-A4B540A9151E}.Release|ARM.Deploy.0 = Release|ARM
		{753F947B-0F60-403B-BC1A-A4B540A9151E}.Release|iPhone.ActiveCfg = Release|x86
		{753F947B-0F60-403B-BC1A-A4B540A9151E}.Release|iPhoneSimulator.ActiveCfg = Release|x86
		{753F947B-0F60-403B-BC1A-A4B540A9151E}.Release|x64.ActiveCfg = Release|x64
		{753F947B-0F60-403B-BC1A-A4B540A9151E}.Release|x64.Build.0 = Release|x64
		{753F947B-0F60-403B-BC1A-A4B540A9151E}.Release|x64.Deploy.0 = Release|x64
		{753F947B-0F60-403B-BC1A-A4B540A9151E}.Release|x86.ActiveCfg = Release|x86
		{753F947B-0F60-403B-BC1A-A4B540A9151E}.Release|x86.Build.0 = Release|x86
		{753F947B-0F60-403B-BC1A-A4B540A9151E}.Release|x86.Deploy.0 = Release|x86
		{E44A0763-B53E-458B-8C50-93ECBFEE2B8F}.Ad-Hoc|Any CPU.ActiveCfg = Ad-Hoc|iPhone
		{E44A0763-B53E-458B-8C50-93ECBFEE2B8F}.Ad-Hoc|ARM.ActiveCfg = Ad-Hoc|iPhone
		{E44A0763-B53E-458B-8C50-93ECBFEE2B8F}.Ad-Hoc|iPhone.ActiveCfg = Ad-Hoc|iPhone
		{E44A0763-B53E-458B-8C50-93ECBFEE2B8F}.Ad-Hoc|iPhone.Build.0 = Ad-Hoc|iPhone
		{E44A0763-B53E-458B-8C50-93ECBFEE2B8F}.Ad-Hoc|iPhoneSimulator.ActiveCfg = Ad-Hoc|iPhoneSimulator
		{E44A0763-B53E-458B-8C50-93ECBFEE2B8F}.Ad-Hoc|iPhoneSimulator.Build.0 = Ad-Hoc|iPhoneSimulator
		{E44A0763-B53E-458B-8C50-93ECBFEE2B8F}.Ad-Hoc|x64.ActiveCfg = Ad-Hoc|iPhone
		{E44A0763-B53E-458B-8C50-93ECBFEE2B8F}.Ad-Hoc|x86.ActiveCfg = Ad-Hoc|iPhone
		{E44A0763-B53E-458B-8C50-93ECBFEE2B8F}.AppStore|Any CPU.ActiveCfg = AppStore|iPhone
		{E44A0763-B53E-458B-8C50-93ECBFEE2B8F}.AppStore|ARM.ActiveCfg = AppStore|iPhone
		{E44A0763-B53E-458B-8C50-93ECBFEE2B8F}.AppStore|iPhone.ActiveCfg = AppStore|iPhone
		{E44A0763-B53E-458B-8C50-93ECBFEE2B8F}.AppStore|iPhone.Build.0 = AppStore|iPhone
		{E44A0763-B53E-458B-8C50-93ECBFEE2B8F}.AppStore|iPhoneSimulator.ActiveCfg = AppStore|iPhoneSimulator
		{E44A0763-B53E-458B-8C50-93ECBFEE2B8F}.AppStore|iPhoneSimulator.Build.0 = AppStore|iPhoneSimulator
		{E44A0763-B53E-458B-8C50-93ECBFEE2B8F}.AppStore|x64.ActiveCfg = AppStore|iPhone
		{E44A0763-B53E-458B-8C50-93ECBFEE2B8F}.AppStore|x86.ActiveCfg = AppStore|iPhone
		{E44A0763-B53E-458B-8C50-93ECBFEE2B8F}.Debug|Any CPU.ActiveCfg = Debug|iPhone
		{E44A0763-B53E-458B-8C50-93ECBFEE2B8F}.Debug|ARM.ActiveCfg = Debug|iPhone
		{E44A0763-B53E-458B-8C50-93ECBFEE2B8F}.Debug|iPhone.ActiveCfg = Debug|iPhone
		{E44A0763-B53E-458B-8C50-93ECBFEE2B8F}.Debug|iPhone.Build.0 = Debug|iPhone
		{E44A0763-B53E-458B-8C50-93ECBFEE2B8F}.Debug|iPhoneSimulator.ActiveCfg = Debug|iPhoneSimulator
		{E44A0763-B53E-458B-8C50-93ECBFEE2B8F}.Debug|iPhoneSimulator.Build.0 = Debug|iPhoneSimulator
		{E44A0763-B53E-458B-8C50-93ECBFEE2B8F}.Debug|x64.ActiveCfg = Debug|iPhone
		{E44A0763-B53E-458B-8C50-93ECBFEE2B8F}.Debug|x86.ActiveCfg = Debug|iPhone
		{E44A0763-B53E-458B-8C50-93ECBFEE2B8F}.Release|Any CPU.ActiveCfg = Release|iPhone
		{E44A0763-B53E-458B-8C50-93ECBFEE2B8F}.Release|ARM.ActiveCfg = Release|iPhone
		{E44A0763-B53E-458B-8C50-93ECBFEE2B8F}.Release|iPhone.ActiveCfg = Release|iPhone
		{E44A0763-B53E-458B-8C50-93ECBFEE2B8F}.Release|iPhone.Build.0 = Release|iPhone
		{E44A0763-B53E-458B-8C50-93ECBFEE2B8F}.Release|iPhoneSimulator.ActiveCfg = Release|iPhoneSimulator
		{E44A0763-B53E-458B-8C50-93ECBFEE2B8F}.Release|iPhoneSimulator.Build.0 = Release|iPhoneSimulator
		{E44A0763-B53E-458B-8C50-93ECBFEE2B8F}.Release|x64.ActiveCfg = Release|iPhone
		{E44A0763-B53E-458B-8C50-93ECBFEE2B8F}.Release|x86.ActiveCfg = Release|iPhone
		{8C18E2A4-4DC0-4E1A-A6AC-36315E2B00C2}.Ad-Hoc|Any CPU.ActiveCfg = Release|Any CPU
		{8C18E2A4-4DC0-4E1A-A6AC-36315E2B00C2}.Ad-Hoc|Any CPU.Build.0 = Release|Any CPU
		{8C18E2A4-4DC0-4E1A-A6AC-36315E2B00C2}.Ad-Hoc|ARM.ActiveCfg = Release|Any CPU
		{8C18E2A4-4DC0-4E1A-A6AC-36315E2B00C2}.Ad-Hoc|ARM.Build.0 = Release|Any CPU
		{8C18E2A4-4DC0-4E1A-A6AC-36315E2B00C2}.Ad-Hoc|iPhone.ActiveCfg = Release|Any CPU
		{8C18E2A4-4DC0-4E1A-A6AC-36315E2B00C2}.Ad-Hoc|iPhone.Build.0 = Release|Any CPU
		{8C18E2A4-4DC0-4E1A-A6AC-36315E2B00C2}.Ad-Hoc|iPhoneSimulator.ActiveCfg = Release|Any CPU
		{8C18E2A4-4DC0-4E1A-A6AC-36315E2B00C2}.Ad-Hoc|iPhoneSimulator.Build.0 = Release|Any CPU
		{8C18E2A4-4DC0-4E1A-A6AC-36315E2B00C2}.Ad-Hoc|x64.ActiveCfg = Release|Any CPU
		{8C18E2A4-4DC0-4E1A-A6AC-36315E2B00C2}.Ad-Hoc|x64.Build.0 = Release|Any CPU
		{8C18E2A4-4DC0-4E1A-A6AC-36315E2B00C2}.Ad-Hoc|x86.ActiveCfg = Release|Any CPU
		{8C18E2A4-4DC0-4E1A-A6AC-36315E2B00C2}.Ad-Hoc|x86.Build.0 = Release|Any CPU
		{8C18E2A4-4DC0-4E1A-A6AC-36315E2B00C2}.AppStore|Any CPU.ActiveCfg = Release|Any CPU
		{8C18E2A4-4DC0-4E1A-A6AC-36315E2B00C2}.AppStore|Any CPU.Build.0 = Release|Any CPU
		{8C18E2A4-4DC0-4E1A-A6AC-36315E2B00C2}.AppStore|ARM.ActiveCfg = Release|Any CPU
		{8C18E2A4-4DC0-4E1A-A6AC-36315E2B00C2}.AppStore|ARM.Build.0 = Release|Any CPU
		{8C18E2A4-4DC0-4E1A-A6AC-36315E2B00C2}.AppStore|iPhone.ActiveCfg = Release|Any CPU
		{8C18E2A4-4DC0-4E1A-A6AC-36315E2B00C2}.AppStore|iPhone.Build.0 = Release|Any CPU
		{8C18E2A4-4DC0-4E1A-A6AC-36315E2B00C2}.AppStore|iPhoneSimulator.ActiveCfg = Release|Any CPU
		{8C18E2A4-4DC0-4E1A-A6AC-36315E2B00C2}.AppStore|iPhoneSimulator.Build.0 = Release|Any CPU
		{8C18E2A4-4DC0-4E1A-A6AC-36315E2B00C2}.AppStore|x64.ActiveCfg = Release|Any CPU
		{8C18E2A4-4DC0-4E1A-A6AC-36315E2B00C2}.AppStore|x64.Build.0 = Release|Any CPU
		{8C18E2A4-4DC0-4E1A-A6AC-36315E2B00C2}.AppStore|x86.ActiveCfg = Release|Any CPU
		{8C18E2A4-4DC0-4E1A-A6AC-36315E2B00C2}.AppStore|x86.Build.0 = Release|Any CPU
		{8C18E2A4-4DC0-4E1A-A6AC-36315E2B00C2}.Debug|Any CPU.ActiveCfg = Debug|Any CPU
		{8C18E2A4-4DC0-4E1A-A6AC-36315E2B00C2}.Debug|Any CPU.Build.0 = Debug|Any CPU
		{8C18E2A4-4DC0-4E1A-A6AC-36315E2B00C2}.Debug|ARM.ActiveCfg = Debug|Any CPU
		{8C18E2A4-4DC0-4E1A-A6AC-36315E2B00C2}.Debug|ARM.Build.0 = Debug|Any CPU
		{8C18E2A4-4DC0-4E1A-A6AC-36315E2B00C2}.Debug|iPhone.ActiveCfg = Debug|Any CPU
		{8C18E2A4-4DC0-4E1A-A6AC-36315E2B00C2}.Debug|iPhone.Build.0 = Debug|Any CPU
		{8C18E2A4-4DC0-4E1A-A6AC-36315E2B00C2}.Debug|iPhoneSimulator.ActiveCfg = Debug|Any CPU
		{8C18E2A4-4DC0-4E1A-A6AC-36315E2B00C2}.Debug|iPhoneSimulator.Build.0 = Debug|Any CPU
		{8C18E2A4-4DC0-4E1A-A6AC-36315E2B00C2}.Debug|x64.ActiveCfg = Debug|Any CPU
		{8C18E2A4-4DC0-4E1A-A6AC-36315E2B00C2}.Debug|x64.Build.0 = Debug|Any CPU
		{8C18E2A4-4DC0-4E1A-A6AC-36315E2B00C2}.Debug|x86.ActiveCfg = Debug|Any CPU
		{8C18E2A4-4DC0-4E1A-A6AC-36315E2B00C2}.Debug|x86.Build.0 = Debug|Any CPU
		{8C18E2A4-4DC0-4E1A-A6AC-36315E2B00C2}.Release|Any CPU.ActiveCfg = Release|Any CPU
		{8C18E2A4-4DC0-4E1A-A6AC-36315E2B00C2}.Release|Any CPU.Build.0 = Release|Any CPU
		{8C18E2A4-4DC0-4E1A-A6AC-36315E2B00C2}.Release|ARM.ActiveCfg = Release|Any CPU
		{8C18E2A4-4DC0-4E1A-A6AC-36315E2B00C2}.Release|ARM.Build.0 = Release|Any CPU
		{8C18E2A4-4DC0-4E1A-A6AC-36315E2B00C2}.Release|iPhone.ActiveCfg = Release|Any CPU
		{8C18E2A4-4DC0-4E1A-A6AC-36315E2B00C2}.Release|iPhone.Build.0 = Release|Any CPU
		{8C18E2A4-4DC0-4E1A-A6AC-36315E2B00C2}.Release|iPhoneSimulator.ActiveCfg = Release|Any CPU
		{8C18E2A4-4DC0-4E1A-A6AC-36315E2B00C2}.Release|iPhoneSimulator.Build.0 = Release|Any CPU
		{8C18E2A4-4DC0-4E1A-A6AC-36315E2B00C2}.Release|x64.ActiveCfg = Release|Any CPU
		{8C18E2A4-4DC0-4E1A-A6AC-36315E2B00C2}.Release|x64.Build.0 = Release|Any CPU
		{8C18E2A4-4DC0-4E1A-A6AC-36315E2B00C2}.Release|x86.ActiveCfg = Release|Any CPU
		{8C18E2A4-4DC0-4E1A-A6AC-36315E2B00C2}.Release|x86.Build.0 = Release|Any CPU
		{AE0E6935-9DEA-4F3A-A6DA-88893E69A5FA}.Ad-Hoc|Any CPU.ActiveCfg = Release|Any CPU
		{AE0E6935-9DEA-4F3A-A6DA-88893E69A5FA}.Ad-Hoc|Any CPU.Build.0 = Release|Any CPU
		{AE0E6935-9DEA-4F3A-A6DA-88893E69A5FA}.Ad-Hoc|ARM.ActiveCfg = Release|Any CPU
		{AE0E6935-9DEA-4F3A-A6DA-88893E69A5FA}.Ad-Hoc|ARM.Build.0 = Release|Any CPU
		{AE0E6935-9DEA-4F3A-A6DA-88893E69A5FA}.Ad-Hoc|iPhone.ActiveCfg = Release|Any CPU
		{AE0E6935-9DEA-4F3A-A6DA-88893E69A5FA}.Ad-Hoc|iPhone.Build.0 = Release|Any CPU
		{AE0E6935-9DEA-4F3A-A6DA-88893E69A5FA}.Ad-Hoc|iPhoneSimulator.ActiveCfg = Release|Any CPU
		{AE0E6935-9DEA-4F3A-A6DA-88893E69A5FA}.Ad-Hoc|iPhoneSimulator.Build.0 = Release|Any CPU
		{AE0E6935-9DEA-4F3A-A6DA-88893E69A5FA}.Ad-Hoc|x64.ActiveCfg = Release|Any CPU
		{AE0E6935-9DEA-4F3A-A6DA-88893E69A5FA}.Ad-Hoc|x64.Build.0 = Release|Any CPU
		{AE0E6935-9DEA-4F3A-A6DA-88893E69A5FA}.Ad-Hoc|x86.ActiveCfg = Release|Any CPU
		{AE0E6935-9DEA-4F3A-A6DA-88893E69A5FA}.Ad-Hoc|x86.Build.0 = Release|Any CPU
		{AE0E6935-9DEA-4F3A-A6DA-88893E69A5FA}.AppStore|Any CPU.ActiveCfg = Release|Any CPU
		{AE0E6935-9DEA-4F3A-A6DA-88893E69A5FA}.AppStore|Any CPU.Build.0 = Release|Any CPU
		{AE0E6935-9DEA-4F3A-A6DA-88893E69A5FA}.AppStore|ARM.ActiveCfg = Release|Any CPU
		{AE0E6935-9DEA-4F3A-A6DA-88893E69A5FA}.AppStore|ARM.Build.0 = Release|Any CPU
		{AE0E6935-9DEA-4F3A-A6DA-88893E69A5FA}.AppStore|iPhone.ActiveCfg = Release|Any CPU
		{AE0E6935-9DEA-4F3A-A6DA-88893E69A5FA}.AppStore|iPhone.Build.0 = Release|Any CPU
		{AE0E6935-9DEA-4F3A-A6DA-88893E69A5FA}.AppStore|iPhoneSimulator.ActiveCfg = Release|Any CPU
		{AE0E6935-9DEA-4F3A-A6DA-88893E69A5FA}.AppStore|iPhoneSimulator.Build.0 = Release|Any CPU
		{AE0E6935-9DEA-4F3A-A6DA-88893E69A5FA}.AppStore|x64.ActiveCfg = Release|Any CPU
		{AE0E6935-9DEA-4F3A-A6DA-88893E69A5FA}.AppStore|x64.Build.0 = Release|Any CPU
		{AE0E6935-9DEA-4F3A-A6DA-88893E69A5FA}.AppStore|x86.ActiveCfg = Release|Any CPU
		{AE0E6935-9DEA-4F3A-A6DA-88893E69A5FA}.AppStore|x86.Build.0 = Release|Any CPU
		{AE0E6935-9DEA-4F3A-A6DA-88893E69A5FA}.Debug|Any CPU.ActiveCfg = Debug|Any CPU
		{AE0E6935-9DEA-4F3A-A6DA-88893E69A5FA}.Debug|Any CPU.Build.0 = Debug|Any CPU
		{AE0E6935-9DEA-4F3A-A6DA-88893E69A5FA}.Debug|ARM.ActiveCfg = Debug|Any CPU
		{AE0E6935-9DEA-4F3A-A6DA-88893E69A5FA}.Debug|ARM.Build.0 = Debug|Any CPU
		{AE0E6935-9DEA-4F3A-A6DA-88893E69A5FA}.Debug|iPhone.ActiveCfg = Debug|Any CPU
		{AE0E6935-9DEA-4F3A-A6DA-88893E69A5FA}.Debug|iPhone.Build.0 = Debug|Any CPU
		{AE0E6935-9DEA-4F3A-A6DA-88893E69A5FA}.Debug|iPhoneSimulator.ActiveCfg = Debug|Any CPU
		{AE0E6935-9DEA-4F3A-A6DA-88893E69A5FA}.Debug|iPhoneSimulator.Build.0 = Debug|Any CPU
		{AE0E6935-9DEA-4F3A-A6DA-88893E69A5FA}.Debug|x64.ActiveCfg = Debug|Any CPU
		{AE0E6935-9DEA-4F3A-A6DA-88893E69A5FA}.Debug|x64.Build.0 = Debug|Any CPU
		{AE0E6935-9DEA-4F3A-A6DA-88893E69A5FA}.Debug|x86.ActiveCfg = Debug|Any CPU
		{AE0E6935-9DEA-4F3A-A6DA-88893E69A5FA}.Debug|x86.Build.0 = Debug|Any CPU
		{AE0E6935-9DEA-4F3A-A6DA-88893E69A5FA}.Release|Any CPU.ActiveCfg = Release|Any CPU
		{AE0E6935-9DEA-4F3A-A6DA-88893E69A5FA}.Release|Any CPU.Build.0 = Release|Any CPU
		{AE0E6935-9DEA-4F3A-A6DA-88893E69A5FA}.Release|ARM.ActiveCfg = Release|Any CPU
		{AE0E6935-9DEA-4F3A-A6DA-88893E69A5FA}.Release|ARM.Build.0 = Release|Any CPU
		{AE0E6935-9DEA-4F3A-A6DA-88893E69A5FA}.Release|iPhone.ActiveCfg = Release|Any CPU
		{AE0E6935-9DEA-4F3A-A6DA-88893E69A5FA}.Release|iPhone.Build.0 = Release|Any CPU
		{AE0E6935-9DEA-4F3A-A6DA-88893E69A5FA}.Release|iPhoneSimulator.ActiveCfg = Release|Any CPU
		{AE0E6935-9DEA-4F3A-A6DA-88893E69A5FA}.Release|iPhoneSimulator.Build.0 = Release|Any CPU
		{AE0E6935-9DEA-4F3A-A6DA-88893E69A5FA}.Release|x64.ActiveCfg = Release|Any CPU
		{AE0E6935-9DEA-4F3A-A6DA-88893E69A5FA}.Release|x64.Build.0 = Release|Any CPU
		{AE0E6935-9DEA-4F3A-A6DA-88893E69A5FA}.Release|x86.ActiveCfg = Release|Any CPU
		{AE0E6935-9DEA-4F3A-A6DA-88893E69A5FA}.Release|x86.Build.0 = Release|Any CPU
		{2E39DB23-F13B-42AC-88A1-5EC9AA847214}.Ad-Hoc|Any CPU.ActiveCfg = Release|Any CPU
		{2E39DB23-F13B-42AC-88A1-5EC9AA847214}.Ad-Hoc|Any CPU.Build.0 = Release|Any CPU
		{2E39DB23-F13B-42AC-88A1-5EC9AA847214}.Ad-Hoc|ARM.ActiveCfg = Release|Any CPU
		{2E39DB23-F13B-42AC-88A1-5EC9AA847214}.Ad-Hoc|ARM.Build.0 = Release|Any CPU
		{2E39DB23-F13B-42AC-88A1-5EC9AA847214}.Ad-Hoc|iPhone.ActiveCfg = Release|Any CPU
		{2E39DB23-F13B-42AC-88A1-5EC9AA847214}.Ad-Hoc|iPhone.Build.0 = Release|Any CPU
		{2E39DB23-F13B-42AC-88A1-5EC9AA847214}.Ad-Hoc|iPhoneSimulator.ActiveCfg = Release|Any CPU
		{2E39DB23-F13B-42AC-88A1-5EC9AA847214}.Ad-Hoc|iPhoneSimulator.Build.0 = Release|Any CPU
		{2E39DB23-F13B-42AC-88A1-5EC9AA847214}.Ad-Hoc|x64.ActiveCfg = Release|Any CPU
		{2E39DB23-F13B-42AC-88A1-5EC9AA847214}.Ad-Hoc|x64.Build.0 = Release|Any CPU
		{2E39DB23-F13B-42AC-88A1-5EC9AA847214}.Ad-Hoc|x86.ActiveCfg = Release|Any CPU
		{2E39DB23-F13B-42AC-88A1-5EC9AA847214}.Ad-Hoc|x86.Build.0 = Release|Any CPU
		{2E39DB23-F13B-42AC-88A1-5EC9AA847214}.AppStore|Any CPU.ActiveCfg = Release|Any CPU
		{2E39DB23-F13B-42AC-88A1-5EC9AA847214}.AppStore|Any CPU.Build.0 = Release|Any CPU
		{2E39DB23-F13B-42AC-88A1-5EC9AA847214}.AppStore|ARM.ActiveCfg = Release|Any CPU
		{2E39DB23-F13B-42AC-88A1-5EC9AA847214}.AppStore|ARM.Build.0 = Release|Any CPU
		{2E39DB23-F13B-42AC-88A1-5EC9AA847214}.AppStore|iPhone.ActiveCfg = Release|Any CPU
		{2E39DB23-F13B-42AC-88A1-5EC9AA847214}.AppStore|iPhone.Build.0 = Release|Any CPU
		{2E39DB23-F13B-42AC-88A1-5EC9AA847214}.AppStore|iPhoneSimulator.ActiveCfg = Release|Any CPU
		{2E39DB23-F13B-42AC-88A1-5EC9AA847214}.AppStore|iPhoneSimulator.Build.0 = Release|Any CPU
		{2E39DB23-F13B-42AC-88A1-5EC9AA847214}.AppStore|x64.ActiveCfg = Release|Any CPU
		{2E39DB23-F13B-42AC-88A1-5EC9AA847214}.AppStore|x64.Build.0 = Release|Any CPU
		{2E39DB23-F13B-42AC-88A1-5EC9AA847214}.AppStore|x86.ActiveCfg = Release|Any CPU
		{2E39DB23-F13B-42AC-88A1-5EC9AA847214}.AppStore|x86.Build.0 = Release|Any CPU
		{2E39DB23-F13B-42AC-88A1-5EC9AA847214}.Debug|Any CPU.ActiveCfg = Debug|Any CPU
		{2E39DB23-F13B-42AC-88A1-5EC9AA847214}.Debug|Any CPU.Build.0 = Debug|Any CPU
		{2E39DB23-F13B-42AC-88A1-5EC9AA847214}.Debug|ARM.ActiveCfg = Debug|Any CPU
		{2E39DB23-F13B-42AC-88A1-5EC9AA847214}.Debug|ARM.Build.0 = Debug|Any CPU
		{2E39DB23-F13B-42AC-88A1-5EC9AA847214}.Debug|iPhone.ActiveCfg = Debug|Any CPU
		{2E39DB23-F13B-42AC-88A1-5EC9AA847214}.Debug|iPhone.Build.0 = Debug|Any CPU
		{2E39DB23-F13B-42AC-88A1-5EC9AA847214}.Debug|iPhoneSimulator.ActiveCfg = Debug|Any CPU
		{2E39DB23-F13B-42AC-88A1-5EC9AA847214}.Debug|iPhoneSimulator.Build.0 = Debug|Any CPU
		{2E39DB23-F13B-42AC-88A1-5EC9AA847214}.Debug|x64.ActiveCfg = Debug|Any CPU
		{2E39DB23-F13B-42AC-88A1-5EC9AA847214}.Debug|x64.Build.0 = Debug|Any CPU
		{2E39DB23-F13B-42AC-88A1-5EC9AA847214}.Debug|x86.ActiveCfg = Debug|Any CPU
		{2E39DB23-F13B-42AC-88A1-5EC9AA847214}.Debug|x86.Build.0 = Debug|Any CPU
		{2E39DB23-F13B-42AC-88A1-5EC9AA847214}.Release|Any CPU.ActiveCfg = Release|Any CPU
		{2E39DB23-F13B-42AC-88A1-5EC9AA847214}.Release|Any CPU.Build.0 = Release|Any CPU
		{2E39DB23-F13B-42AC-88A1-5EC9AA847214}.Release|ARM.ActiveCfg = Release|Any CPU
		{2E39DB23-F13B-42AC-88A1-5EC9AA847214}.Release|ARM.Build.0 = Release|Any CPU
		{2E39DB23-F13B-42AC-88A1-5EC9AA847214}.Release|iPhone.ActiveCfg = Release|Any CPU
		{2E39DB23-F13B-42AC-88A1-5EC9AA847214}.Release|iPhone.Build.0 = Release|Any CPU
		{2E39DB23-F13B-42AC-88A1-5EC9AA847214}.Release|iPhoneSimulator.ActiveCfg = Release|Any CPU
		{2E39DB23-F13B-42AC-88A1-5EC9AA847214}.Release|iPhoneSimulator.Build.0 = Release|Any CPU
		{2E39DB23-F13B-42AC-88A1-5EC9AA847214}.Release|x64.ActiveCfg = Release|Any CPU
		{2E39DB23-F13B-42AC-88A1-5EC9AA847214}.Release|x64.Build.0 = Release|Any CPU
		{2E39DB23-F13B-42AC-88A1-5EC9AA847214}.Release|x86.ActiveCfg = Release|Any CPU
		{2E39DB23-F13B-42AC-88A1-5EC9AA847214}.Release|x86.Build.0 = Release|Any CPU
		{9A064356-B3C0-4A27-B0ED-DC8D300F0226}.Ad-Hoc|Any CPU.ActiveCfg = Release|Any CPU
		{9A064356-B3C0-4A27-B0ED-DC8D300F0226}.Ad-Hoc|Any CPU.Build.0 = Release|Any CPU
		{9A064356-B3C0-4A27-B0ED-DC8D300F0226}.Ad-Hoc|ARM.ActiveCfg = Release|Any CPU
		{9A064356-B3C0-4A27-B0ED-DC8D300F0226}.Ad-Hoc|ARM.Build.0 = Release|Any CPU
		{9A064356-B3C0-4A27-B0ED-DC8D300F0226}.Ad-Hoc|iPhone.ActiveCfg = Release|Any CPU
		{9A064356-B3C0-4A27-B0ED-DC8D300F0226}.Ad-Hoc|iPhone.Build.0 = Release|Any CPU
		{9A064356-B3C0-4A27-B0ED-DC8D300F0226}.Ad-Hoc|iPhoneSimulator.ActiveCfg = Release|Any CPU
		{9A064356-B3C0-4A27-B0ED-DC8D300F0226}.Ad-Hoc|iPhoneSimulator.Build.0 = Release|Any CPU
		{9A064356-B3C0-4A27-B0ED-DC8D300F0226}.Ad-Hoc|x64.ActiveCfg = Release|Any CPU
		{9A064356-B3C0-4A27-B0ED-DC8D300F0226}.Ad-Hoc|x64.Build.0 = Release|Any CPU
		{9A064356-B3C0-4A27-B0ED-DC8D300F0226}.Ad-Hoc|x86.ActiveCfg = Release|Any CPU
		{9A064356-B3C0-4A27-B0ED-DC8D300F0226}.Ad-Hoc|x86.Build.0 = Release|Any CPU
		{9A064356-B3C0-4A27-B0ED-DC8D300F0226}.AppStore|Any CPU.ActiveCfg = Release|Any CPU
		{9A064356-B3C0-4A27-B0ED-DC8D300F0226}.AppStore|Any CPU.Build.0 = Release|Any CPU
		{9A064356-B3C0-4A27-B0ED-DC8D300F0226}.AppStore|ARM.ActiveCfg = Release|Any CPU
		{9A064356-B3C0-4A27-B0ED-DC8D300F0226}.AppStore|ARM.Build.0 = Release|Any CPU
		{9A064356-B3C0-4A27-B0ED-DC8D300F0226}.AppStore|iPhone.ActiveCfg = Release|Any CPU
		{9A064356-B3C0-4A27-B0ED-DC8D300F0226}.AppStore|iPhone.Build.0 = Release|Any CPU
		{9A064356-B3C0-4A27-B0ED-DC8D300F0226}.AppStore|iPhoneSimulator.ActiveCfg = Release|Any CPU
		{9A064356-B3C0-4A27-B0ED-DC8D300F0226}.AppStore|iPhoneSimulator.Build.0 = Release|Any CPU
		{9A064356-B3C0-4A27-B0ED-DC8D300F0226}.AppStore|x64.ActiveCfg = Release|Any CPU
		{9A064356-B3C0-4A27-B0ED-DC8D300F0226}.AppStore|x64.Build.0 = Release|Any CPU
		{9A064356-B3C0-4A27-B0ED-DC8D300F0226}.AppStore|x86.ActiveCfg = Release|Any CPU
		{9A064356-B3C0-4A27-B0ED-DC8D300F0226}.AppStore|x86.Build.0 = Release|Any CPU
		{9A064356-B3C0-4A27-B0ED-DC8D300F0226}.Debug|Any CPU.ActiveCfg = Debug|Any CPU
		{9A064356-B3C0-4A27-B0ED-DC8D300F0226}.Debug|Any CPU.Build.0 = Debug|Any CPU
		{9A064356-B3C0-4A27-B0ED-DC8D300F0226}.Debug|ARM.ActiveCfg = Debug|Any CPU
		{9A064356-B3C0-4A27-B0ED-DC8D300F0226}.Debug|ARM.Build.0 = Debug|Any CPU
		{9A064356-B3C0-4A27-B0ED-DC8D300F0226}.Debug|iPhone.ActiveCfg = Debug|Any CPU
		{9A064356-B3C0-4A27-B0ED-DC8D300F0226}.Debug|iPhone.Build.0 = Debug|Any CPU
		{9A064356-B3C0-4A27-B0ED-DC8D300F0226}.Debug|iPhoneSimulator.ActiveCfg = Debug|Any CPU
		{9A064356-B3C0-4A27-B0ED-DC8D300F0226}.Debug|iPhoneSimulator.Build.0 = Debug|Any CPU
		{9A064356-B3C0-4A27-B0ED-DC8D300F0226}.Debug|x64.ActiveCfg = Debug|Any CPU
		{9A064356-B3C0-4A27-B0ED-DC8D300F0226}.Debug|x64.Build.0 = Debug|Any CPU
		{9A064356-B3C0-4A27-B0ED-DC8D300F0226}.Debug|x86.ActiveCfg = Debug|Any CPU
		{9A064356-B3C0-4A27-B0ED-DC8D300F0226}.Debug|x86.Build.0 = Debug|Any CPU
		{9A064356-B3C0-4A27-B0ED-DC8D300F0226}.Release|Any CPU.ActiveCfg = Release|Any CPU
		{9A064356-B3C0-4A27-B0ED-DC8D300F0226}.Release|Any CPU.Build.0 = Release|Any CPU
		{9A064356-B3C0-4A27-B0ED-DC8D300F0226}.Release|ARM.ActiveCfg = Release|Any CPU
		{9A064356-B3C0-4A27-B0ED-DC8D300F0226}.Release|ARM.Build.0 = Release|Any CPU
		{9A064356-B3C0-4A27-B0ED-DC8D300F0226}.Release|iPhone.ActiveCfg = Release|Any CPU
		{9A064356-B3C0-4A27-B0ED-DC8D300F0226}.Release|iPhone.Build.0 = Release|Any CPU
		{9A064356-B3C0-4A27-B0ED-DC8D300F0226}.Release|iPhoneSimulator.ActiveCfg = Release|Any CPU
		{9A064356-B3C0-4A27-B0ED-DC8D300F0226}.Release|iPhoneSimulator.Build.0 = Release|Any CPU
		{9A064356-B3C0-4A27-B0ED-DC8D300F0226}.Release|x64.ActiveCfg = Release|Any CPU
		{9A064356-B3C0-4A27-B0ED-DC8D300F0226}.Release|x64.Build.0 = Release|Any CPU
		{9A064356-B3C0-4A27-B0ED-DC8D300F0226}.Release|x86.ActiveCfg = Release|Any CPU
		{9A064356-B3C0-4A27-B0ED-DC8D300F0226}.Release|x86.Build.0 = Release|Any CPU
		{A8162A8D-6484-47BC-BEA4-30D2644949E7}.Ad-Hoc|Any CPU.ActiveCfg = Release|Any CPU
		{A8162A8D-6484-47BC-BEA4-30D2644949E7}.Ad-Hoc|Any CPU.Build.0 = Release|Any CPU
		{A8162A8D-6484-47BC-BEA4-30D2644949E7}.Ad-Hoc|ARM.ActiveCfg = Release|Any CPU
		{A8162A8D-6484-47BC-BEA4-30D2644949E7}.Ad-Hoc|ARM.Build.0 = Release|Any CPU
		{A8162A8D-6484-47BC-BEA4-30D2644949E7}.Ad-Hoc|iPhone.ActiveCfg = Release|Any CPU
		{A8162A8D-6484-47BC-BEA4-30D2644949E7}.Ad-Hoc|iPhone.Build.0 = Release|Any CPU
		{A8162A8D-6484-47BC-BEA4-30D2644949E7}.Ad-Hoc|iPhoneSimulator.ActiveCfg = Release|Any CPU
		{A8162A8D-6484-47BC-BEA4-30D2644949E7}.Ad-Hoc|iPhoneSimulator.Build.0 = Release|Any CPU
		{A8162A8D-6484-47BC-BEA4-30D2644949E7}.Ad-Hoc|x64.ActiveCfg = Release|Any CPU
		{A8162A8D-6484-47BC-BEA4-30D2644949E7}.Ad-Hoc|x64.Build.0 = Release|Any CPU
		{A8162A8D-6484-47BC-BEA4-30D2644949E7}.Ad-Hoc|x86.ActiveCfg = Release|Any CPU
		{A8162A8D-6484-47BC-BEA4-30D2644949E7}.Ad-Hoc|x86.Build.0 = Release|Any CPU
		{A8162A8D-6484-47BC-BEA4-30D2644949E7}.AppStore|Any CPU.ActiveCfg = Release|Any CPU
		{A8162A8D-6484-47BC-BEA4-30D2644949E7}.AppStore|Any CPU.Build.0 = Release|Any CPU
		{A8162A8D-6484-47BC-BEA4-30D2644949E7}.AppStore|ARM.ActiveCfg = Release|Any CPU
		{A8162A8D-6484-47BC-BEA4-30D2644949E7}.AppStore|ARM.Build.0 = Release|Any CPU
		{A8162A8D-6484-47BC-BEA4-30D2644949E7}.AppStore|iPhone.ActiveCfg = Release|Any CPU
		{A8162A8D-6484-47BC-BEA4-30D2644949E7}.AppStore|iPhone.Build.0 = Release|Any CPU
		{A8162A8D-6484-47BC-BEA4-30D2644949E7}.AppStore|iPhoneSimulator.ActiveCfg = Release|Any CPU
		{A8162A8D-6484-47BC-BEA4-30D2644949E7}.AppStore|iPhoneSimulator.Build.0 = Release|Any CPU
		{A8162A8D-6484-47BC-BEA4-30D2644949E7}.AppStore|x64.ActiveCfg = Release|Any CPU
		{A8162A8D-6484-47BC-BEA4-30D2644949E7}.AppStore|x64.Build.0 = Release|Any CPU
		{A8162A8D-6484-47BC-BEA4-30D2644949E7}.AppStore|x86.ActiveCfg = Release|Any CPU
		{A8162A8D-6484-47BC-BEA4-30D2644949E7}.AppStore|x86.Build.0 = Release|Any CPU
		{A8162A8D-6484-47BC-BEA4-30D2644949E7}.Debug|Any CPU.ActiveCfg = Debug|Any CPU
		{A8162A8D-6484-47BC-BEA4-30D2644949E7}.Debug|Any CPU.Build.0 = Debug|Any CPU
		{A8162A8D-6484-47BC-BEA4-30D2644949E7}.Debug|ARM.ActiveCfg = Debug|Any CPU
		{A8162A8D-6484-47BC-BEA4-30D2644949E7}.Debug|ARM.Build.0 = Debug|Any CPU
		{A8162A8D-6484-47BC-BEA4-30D2644949E7}.Debug|iPhone.ActiveCfg = Debug|Any CPU
		{A8162A8D-6484-47BC-BEA4-30D2644949E7}.Debug|iPhone.Build.0 = Debug|Any CPU
		{A8162A8D-6484-47BC-BEA4-30D2644949E7}.Debug|iPhoneSimulator.ActiveCfg = Debug|Any CPU
		{A8162A8D-6484-47BC-BEA4-30D2644949E7}.Debug|iPhoneSimulator.Build.0 = Debug|Any CPU
		{A8162A8D-6484-47BC-BEA4-30D2644949E7}.Debug|x64.ActiveCfg = Debug|Any CPU
		{A8162A8D-6484-47BC-BEA4-30D2644949E7}.Debug|x64.Build.0 = Debug|Any CPU
		{A8162A8D-6484-47BC-BEA4-30D2644949E7}.Debug|x86.ActiveCfg = Debug|Any CPU
		{A8162A8D-6484-47BC-BEA4-30D2644949E7}.Debug|x86.Build.0 = Debug|Any CPU
		{A8162A8D-6484-47BC-BEA4-30D2644949E7}.Release|Any CPU.ActiveCfg = Release|Any CPU
		{A8162A8D-6484-47BC-BEA4-30D2644949E7}.Release|Any CPU.Build.0 = Release|Any CPU
		{A8162A8D-6484-47BC-BEA4-30D2644949E7}.Release|ARM.ActiveCfg = Release|Any CPU
		{A8162A8D-6484-47BC-BEA4-30D2644949E7}.Release|ARM.Build.0 = Release|Any CPU
		{A8162A8D-6484-47BC-BEA4-30D2644949E7}.Release|iPhone.ActiveCfg = Release|Any CPU
		{A8162A8D-6484-47BC-BEA4-30D2644949E7}.Release|iPhone.Build.0 = Release|Any CPU
		{A8162A8D-6484-47BC-BEA4-30D2644949E7}.Release|iPhoneSimulator.ActiveCfg = Release|Any CPU
		{A8162A8D-6484-47BC-BEA4-30D2644949E7}.Release|iPhoneSimulator.Build.0 = Release|Any CPU
		{A8162A8D-6484-47BC-BEA4-30D2644949E7}.Release|x64.ActiveCfg = Release|Any CPU
		{A8162A8D-6484-47BC-BEA4-30D2644949E7}.Release|x64.Build.0 = Release|Any CPU
		{A8162A8D-6484-47BC-BEA4-30D2644949E7}.Release|x86.ActiveCfg = Release|Any CPU
		{A8162A8D-6484-47BC-BEA4-30D2644949E7}.Release|x86.Build.0 = Release|Any CPU
		{86F36726-C117-4CC7-9378-587AAD4AFDD8}.Ad-Hoc|Any CPU.ActiveCfg = Release|Any CPU
		{86F36726-C117-4CC7-9378-587AAD4AFDD8}.Ad-Hoc|Any CPU.Build.0 = Release|Any CPU
		{86F36726-C117-4CC7-9378-587AAD4AFDD8}.Ad-Hoc|ARM.ActiveCfg = Release|Any CPU
		{86F36726-C117-4CC7-9378-587AAD4AFDD8}.Ad-Hoc|ARM.Build.0 = Release|Any CPU
		{86F36726-C117-4CC7-9378-587AAD4AFDD8}.Ad-Hoc|iPhone.ActiveCfg = Release|Any CPU
		{86F36726-C117-4CC7-9378-587AAD4AFDD8}.Ad-Hoc|iPhone.Build.0 = Release|Any CPU
		{86F36726-C117-4CC7-9378-587AAD4AFDD8}.Ad-Hoc|iPhoneSimulator.ActiveCfg = Release|Any CPU
		{86F36726-C117-4CC7-9378-587AAD4AFDD8}.Ad-Hoc|iPhoneSimulator.Build.0 = Release|Any CPU
		{86F36726-C117-4CC7-9378-587AAD4AFDD8}.Ad-Hoc|x64.ActiveCfg = Release|Any CPU
		{86F36726-C117-4CC7-9378-587AAD4AFDD8}.Ad-Hoc|x64.Build.0 = Release|Any CPU
		{86F36726-C117-4CC7-9378-587AAD4AFDD8}.Ad-Hoc|x86.ActiveCfg = Release|Any CPU
		{86F36726-C117-4CC7-9378-587AAD4AFDD8}.Ad-Hoc|x86.Build.0 = Release|Any CPU
		{86F36726-C117-4CC7-9378-587AAD4AFDD8}.AppStore|Any CPU.ActiveCfg = Release|Any CPU
		{86F36726-C117-4CC7-9378-587AAD4AFDD8}.AppStore|Any CPU.Build.0 = Release|Any CPU
		{86F36726-C117-4CC7-9378-587AAD4AFDD8}.AppStore|ARM.ActiveCfg = Release|Any CPU
		{86F36726-C117-4CC7-9378-587AAD4AFDD8}.AppStore|ARM.Build.0 = Release|Any CPU
		{86F36726-C117-4CC7-9378-587AAD4AFDD8}.AppStore|iPhone.ActiveCfg = Release|Any CPU
		{86F36726-C117-4CC7-9378-587AAD4AFDD8}.AppStore|iPhone.Build.0 = Release|Any CPU
		{86F36726-C117-4CC7-9378-587AAD4AFDD8}.AppStore|iPhoneSimulator.ActiveCfg = Release|Any CPU
		{86F36726-C117-4CC7-9378-587AAD4AFDD8}.AppStore|iPhoneSimulator.Build.0 = Release|Any CPU
		{86F36726-C117-4CC7-9378-587AAD4AFDD8}.AppStore|x64.ActiveCfg = Release|Any CPU
		{86F36726-C117-4CC7-9378-587AAD4AFDD8}.AppStore|x64.Build.0 = Release|Any CPU
		{86F36726-C117-4CC7-9378-587AAD4AFDD8}.AppStore|x86.ActiveCfg = Release|Any CPU
		{86F36726-C117-4CC7-9378-587AAD4AFDD8}.AppStore|x86.Build.0 = Release|Any CPU
		{86F36726-C117-4CC7-9378-587AAD4AFDD8}.Debug|Any CPU.ActiveCfg = Debug|Any CPU
		{86F36726-C117-4CC7-9378-587AAD4AFDD8}.Debug|Any CPU.Build.0 = Debug|Any CPU
		{86F36726-C117-4CC7-9378-587AAD4AFDD8}.Debug|ARM.ActiveCfg = Debug|Any CPU
		{86F36726-C117-4CC7-9378-587AAD4AFDD8}.Debug|ARM.Build.0 = Debug|Any CPU
		{86F36726-C117-4CC7-9378-587AAD4AFDD8}.Debug|iPhone.ActiveCfg = Debug|Any CPU
		{86F36726-C117-4CC7-9378-587AAD4AFDD8}.Debug|iPhone.Build.0 = Debug|Any CPU
		{86F36726-C117-4CC7-9378-587AAD4AFDD8}.Debug|iPhoneSimulator.ActiveCfg = Debug|Any CPU
		{86F36726-C117-4CC7-9378-587AAD4AFDD8}.Debug|iPhoneSimulator.Build.0 = Debug|Any CPU
		{86F36726-C117-4CC7-9378-587AAD4AFDD8}.Debug|x64.ActiveCfg = Debug|Any CPU
		{86F36726-C117-4CC7-9378-587AAD4AFDD8}.Debug|x64.Build.0 = Debug|Any CPU
		{86F36726-C117-4CC7-9378-587AAD4AFDD8}.Debug|x86.ActiveCfg = Debug|Any CPU
		{86F36726-C117-4CC7-9378-587AAD4AFDD8}.Debug|x86.Build.0 = Debug|Any CPU
		{86F36726-C117-4CC7-9378-587AAD4AFDD8}.Release|Any CPU.ActiveCfg = Release|Any CPU
		{86F36726-C117-4CC7-9378-587AAD4AFDD8}.Release|Any CPU.Build.0 = Release|Any CPU
		{86F36726-C117-4CC7-9378-587AAD4AFDD8}.Release|ARM.ActiveCfg = Release|Any CPU
		{86F36726-C117-4CC7-9378-587AAD4AFDD8}.Release|ARM.Build.0 = Release|Any CPU
		{86F36726-C117-4CC7-9378-587AAD4AFDD8}.Release|iPhone.ActiveCfg = Release|Any CPU
		{86F36726-C117-4CC7-9378-587AAD4AFDD8}.Release|iPhone.Build.0 = Release|Any CPU
		{86F36726-C117-4CC7-9378-587AAD4AFDD8}.Release|iPhoneSimulator.ActiveCfg = Release|Any CPU
		{86F36726-C117-4CC7-9378-587AAD4AFDD8}.Release|iPhoneSimulator.Build.0 = Release|Any CPU
		{86F36726-C117-4CC7-9378-587AAD4AFDD8}.Release|x64.ActiveCfg = Release|Any CPU
		{86F36726-C117-4CC7-9378-587AAD4AFDD8}.Release|x64.Build.0 = Release|Any CPU
		{86F36726-C117-4CC7-9378-587AAD4AFDD8}.Release|x86.ActiveCfg = Release|Any CPU
		{86F36726-C117-4CC7-9378-587AAD4AFDD8}.Release|x86.Build.0 = Release|Any CPU
		{90529955-3126-4DE8-AF3A-A13D9CF1F479}.Ad-Hoc|Any CPU.ActiveCfg = Release|Any CPU
		{90529955-3126-4DE8-AF3A-A13D9CF1F479}.Ad-Hoc|Any CPU.Build.0 = Release|Any CPU
		{90529955-3126-4DE8-AF3A-A13D9CF1F479}.Ad-Hoc|ARM.ActiveCfg = Release|Any CPU
		{90529955-3126-4DE8-AF3A-A13D9CF1F479}.Ad-Hoc|ARM.Build.0 = Release|Any CPU
		{90529955-3126-4DE8-AF3A-A13D9CF1F479}.Ad-Hoc|iPhone.ActiveCfg = Release|Any CPU
		{90529955-3126-4DE8-AF3A-A13D9CF1F479}.Ad-Hoc|iPhone.Build.0 = Release|Any CPU
		{90529955-3126-4DE8-AF3A-A13D9CF1F479}.Ad-Hoc|iPhoneSimulator.ActiveCfg = Release|Any CPU
		{90529955-3126-4DE8-AF3A-A13D9CF1F479}.Ad-Hoc|iPhoneSimulator.Build.0 = Release|Any CPU
		{90529955-3126-4DE8-AF3A-A13D9CF1F479}.Ad-Hoc|x64.ActiveCfg = Release|Any CPU
		{90529955-3126-4DE8-AF3A-A13D9CF1F479}.Ad-Hoc|x64.Build.0 = Release|Any CPU
		{90529955-3126-4DE8-AF3A-A13D9CF1F479}.Ad-Hoc|x86.ActiveCfg = Release|Any CPU
		{90529955-3126-4DE8-AF3A-A13D9CF1F479}.Ad-Hoc|x86.Build.0 = Release|Any CPU
		{90529955-3126-4DE8-AF3A-A13D9CF1F479}.AppStore|Any CPU.ActiveCfg = Release|Any CPU
		{90529955-3126-4DE8-AF3A-A13D9CF1F479}.AppStore|Any CPU.Build.0 = Release|Any CPU
		{90529955-3126-4DE8-AF3A-A13D9CF1F479}.AppStore|ARM.ActiveCfg = Release|Any CPU
		{90529955-3126-4DE8-AF3A-A13D9CF1F479}.AppStore|ARM.Build.0 = Release|Any CPU
		{90529955-3126-4DE8-AF3A-A13D9CF1F479}.AppStore|iPhone.ActiveCfg = Release|Any CPU
		{90529955-3126-4DE8-AF3A-A13D9CF1F479}.AppStore|iPhone.Build.0 = Release|Any CPU
		{90529955-3126-4DE8-AF3A-A13D9CF1F479}.AppStore|iPhoneSimulator.ActiveCfg = Release|Any CPU
		{90529955-3126-4DE8-AF3A-A13D9CF1F479}.AppStore|iPhoneSimulator.Build.0 = Release|Any CPU
		{90529955-3126-4DE8-AF3A-A13D9CF1F479}.AppStore|x64.ActiveCfg = Release|Any CPU
		{90529955-3126-4DE8-AF3A-A13D9CF1F479}.AppStore|x64.Build.0 = Release|Any CPU
		{90529955-3126-4DE8-AF3A-A13D9CF1F479}.AppStore|x86.ActiveCfg = Release|Any CPU
		{90529955-3126-4DE8-AF3A-A13D9CF1F479}.AppStore|x86.Build.0 = Release|Any CPU
		{90529955-3126-4DE8-AF3A-A13D9CF1F479}.Debug|Any CPU.ActiveCfg = Debug|Any CPU
		{90529955-3126-4DE8-AF3A-A13D9CF1F479}.Debug|Any CPU.Build.0 = Debug|Any CPU
		{90529955-3126-4DE8-AF3A-A13D9CF1F479}.Debug|ARM.ActiveCfg = Debug|Any CPU
		{90529955-3126-4DE8-AF3A-A13D9CF1F479}.Debug|ARM.Build.0 = Debug|Any CPU
		{90529955-3126-4DE8-AF3A-A13D9CF1F479}.Debug|iPhone.ActiveCfg = Debug|Any CPU
		{90529955-3126-4DE8-AF3A-A13D9CF1F479}.Debug|iPhone.Build.0 = Debug|Any CPU
		{90529955-3126-4DE8-AF3A-A13D9CF1F479}.Debug|iPhoneSimulator.ActiveCfg = Debug|Any CPU
		{90529955-3126-4DE8-AF3A-A13D9CF1F479}.Debug|iPhoneSimulator.Build.0 = Debug|Any CPU
		{90529955-3126-4DE8-AF3A-A13D9CF1F479}.Debug|x64.ActiveCfg = Debug|Any CPU
		{90529955-3126-4DE8-AF3A-A13D9CF1F479}.Debug|x64.Build.0 = Debug|Any CPU
		{90529955-3126-4DE8-AF3A-A13D9CF1F479}.Debug|x86.ActiveCfg = Debug|Any CPU
		{90529955-3126-4DE8-AF3A-A13D9CF1F479}.Debug|x86.Build.0 = Debug|Any CPU
		{90529955-3126-4DE8-AF3A-A13D9CF1F479}.Release|Any CPU.ActiveCfg = Release|Any CPU
		{90529955-3126-4DE8-AF3A-A13D9CF1F479}.Release|Any CPU.Build.0 = Release|Any CPU
		{90529955-3126-4DE8-AF3A-A13D9CF1F479}.Release|ARM.ActiveCfg = Release|Any CPU
		{90529955-3126-4DE8-AF3A-A13D9CF1F479}.Release|ARM.Build.0 = Release|Any CPU
		{90529955-3126-4DE8-AF3A-A13D9CF1F479}.Release|iPhone.ActiveCfg = Release|Any CPU
		{90529955-3126-4DE8-AF3A-A13D9CF1F479}.Release|iPhone.Build.0 = Release|Any CPU
		{90529955-3126-4DE8-AF3A-A13D9CF1F479}.Release|iPhoneSimulator.ActiveCfg = Release|Any CPU
		{90529955-3126-4DE8-AF3A-A13D9CF1F479}.Release|iPhoneSimulator.Build.0 = Release|Any CPU
		{90529955-3126-4DE8-AF3A-A13D9CF1F479}.Release|x64.ActiveCfg = Release|Any CPU
		{90529955-3126-4DE8-AF3A-A13D9CF1F479}.Release|x64.Build.0 = Release|Any CPU
		{90529955-3126-4DE8-AF3A-A13D9CF1F479}.Release|x86.ActiveCfg = Release|Any CPU
		{90529955-3126-4DE8-AF3A-A13D9CF1F479}.Release|x86.Build.0 = Release|Any CPU
		{7D9BB6F0-1271-41F9-97E8-327855CBE3A6}.Ad-Hoc|Any CPU.ActiveCfg = Release|Any CPU
		{7D9BB6F0-1271-41F9-97E8-327855CBE3A6}.Ad-Hoc|Any CPU.Build.0 = Release|Any CPU
		{7D9BB6F0-1271-41F9-97E8-327855CBE3A6}.Ad-Hoc|ARM.ActiveCfg = Release|Any CPU
		{7D9BB6F0-1271-41F9-97E8-327855CBE3A6}.Ad-Hoc|ARM.Build.0 = Release|Any CPU
		{7D9BB6F0-1271-41F9-97E8-327855CBE3A6}.Ad-Hoc|iPhone.ActiveCfg = Release|Any CPU
		{7D9BB6F0-1271-41F9-97E8-327855CBE3A6}.Ad-Hoc|iPhone.Build.0 = Release|Any CPU
		{7D9BB6F0-1271-41F9-97E8-327855CBE3A6}.Ad-Hoc|iPhoneSimulator.ActiveCfg = Release|Any CPU
		{7D9BB6F0-1271-41F9-97E8-327855CBE3A6}.Ad-Hoc|iPhoneSimulator.Build.0 = Release|Any CPU
		{7D9BB6F0-1271-41F9-97E8-327855CBE3A6}.Ad-Hoc|x64.ActiveCfg = Release|Any CPU
		{7D9BB6F0-1271-41F9-97E8-327855CBE3A6}.Ad-Hoc|x64.Build.0 = Release|Any CPU
		{7D9BB6F0-1271-41F9-97E8-327855CBE3A6}.Ad-Hoc|x86.ActiveCfg = Release|Any CPU
		{7D9BB6F0-1271-41F9-97E8-327855CBE3A6}.Ad-Hoc|x86.Build.0 = Release|Any CPU
		{7D9BB6F0-1271-41F9-97E8-327855CBE3A6}.AppStore|Any CPU.ActiveCfg = Release|Any CPU
		{7D9BB6F0-1271-41F9-97E8-327855CBE3A6}.AppStore|Any CPU.Build.0 = Release|Any CPU
		{7D9BB6F0-1271-41F9-97E8-327855CBE3A6}.AppStore|ARM.ActiveCfg = Release|Any CPU
		{7D9BB6F0-1271-41F9-97E8-327855CBE3A6}.AppStore|ARM.Build.0 = Release|Any CPU
		{7D9BB6F0-1271-41F9-97E8-327855CBE3A6}.AppStore|iPhone.ActiveCfg = Release|Any CPU
		{7D9BB6F0-1271-41F9-97E8-327855CBE3A6}.AppStore|iPhone.Build.0 = Release|Any CPU
		{7D9BB6F0-1271-41F9-97E8-327855CBE3A6}.AppStore|iPhoneSimulator.ActiveCfg = Release|Any CPU
		{7D9BB6F0-1271-41F9-97E8-327855CBE3A6}.AppStore|iPhoneSimulator.Build.0 = Release|Any CPU
		{7D9BB6F0-1271-41F9-97E8-327855CBE3A6}.AppStore|x64.ActiveCfg = Release|Any CPU
		{7D9BB6F0-1271-41F9-97E8-327855CBE3A6}.AppStore|x64.Build.0 = Release|Any CPU
		{7D9BB6F0-1271-41F9-97E8-327855CBE3A6}.AppStore|x86.ActiveCfg = Release|Any CPU
		{7D9BB6F0-1271-41F9-97E8-327855CBE3A6}.AppStore|x86.Build.0 = Release|Any CPU
		{7D9BB6F0-1271-41F9-97E8-327855CBE3A6}.Debug|Any CPU.ActiveCfg = Debug|Any CPU
		{7D9BB6F0-1271-41F9-97E8-327855CBE3A6}.Debug|Any CPU.Build.0 = Debug|Any CPU
		{7D9BB6F0-1271-41F9-97E8-327855CBE3A6}.Debug|ARM.ActiveCfg = Debug|Any CPU
		{7D9BB6F0-1271-41F9-97E8-327855CBE3A6}.Debug|ARM.Build.0 = Debug|Any CPU
		{7D9BB6F0-1271-41F9-97E8-327855CBE3A6}.Debug|iPhone.ActiveCfg = Debug|Any CPU
		{7D9BB6F0-1271-41F9-97E8-327855CBE3A6}.Debug|iPhone.Build.0 = Debug|Any CPU
		{7D9BB6F0-1271-41F9-97E8-327855CBE3A6}.Debug|iPhoneSimulator.ActiveCfg = Debug|Any CPU
		{7D9BB6F0-1271-41F9-97E8-327855CBE3A6}.Debug|iPhoneSimulator.Build.0 = Debug|Any CPU
		{7D9BB6F0-1271-41F9-97E8-327855CBE3A6}.Debug|x64.ActiveCfg = Debug|Any CPU
		{7D9BB6F0-1271-41F9-97E8-327855CBE3A6}.Debug|x64.Build.0 = Debug|Any CPU
		{7D9BB6F0-1271-41F9-97E8-327855CBE3A6}.Debug|x86.ActiveCfg = Debug|Any CPU
		{7D9BB6F0-1271-41F9-97E8-327855CBE3A6}.Debug|x86.Build.0 = Debug|Any CPU
		{7D9BB6F0-1271-41F9-97E8-327855CBE3A6}.Release|Any CPU.ActiveCfg = Release|Any CPU
		{7D9BB6F0-1271-41F9-97E8-327855CBE3A6}.Release|Any CPU.Build.0 = Release|Any CPU
		{7D9BB6F0-1271-41F9-97E8-327855CBE3A6}.Release|ARM.ActiveCfg = Release|Any CPU
		{7D9BB6F0-1271-41F9-97E8-327855CBE3A6}.Release|ARM.Build.0 = Release|Any CPU
		{7D9BB6F0-1271-41F9-97E8-327855CBE3A6}.Release|iPhone.ActiveCfg = Release|Any CPU
		{7D9BB6F0-1271-41F9-97E8-327855CBE3A6}.Release|iPhone.Build.0 = Release|Any CPU
		{7D9BB6F0-1271-41F9-97E8-327855CBE3A6}.Release|iPhoneSimulator.ActiveCfg = Release|Any CPU
		{7D9BB6F0-1271-41F9-97E8-327855CBE3A6}.Release|iPhoneSimulator.Build.0 = Release|Any CPU
		{7D9BB6F0-1271-41F9-97E8-327855CBE3A6}.Release|x64.ActiveCfg = Release|Any CPU
		{7D9BB6F0-1271-41F9-97E8-327855CBE3A6}.Release|x64.Build.0 = Release|Any CPU
		{7D9BB6F0-1271-41F9-97E8-327855CBE3A6}.Release|x86.ActiveCfg = Release|Any CPU
		{7D9BB6F0-1271-41F9-97E8-327855CBE3A6}.Release|x86.Build.0 = Release|Any CPU
		{27475454-5858-4EE3-A821-57D7CDC64312}.Ad-Hoc|Any CPU.ActiveCfg = Release|Any CPU
		{27475454-5858-4EE3-A821-57D7CDC64312}.Ad-Hoc|Any CPU.Build.0 = Release|Any CPU
		{27475454-5858-4EE3-A821-57D7CDC64312}.Ad-Hoc|ARM.ActiveCfg = Release|Any CPU
		{27475454-5858-4EE3-A821-57D7CDC64312}.Ad-Hoc|ARM.Build.0 = Release|Any CPU
		{27475454-5858-4EE3-A821-57D7CDC64312}.Ad-Hoc|iPhone.ActiveCfg = Release|Any CPU
		{27475454-5858-4EE3-A821-57D7CDC64312}.Ad-Hoc|iPhone.Build.0 = Release|Any CPU
		{27475454-5858-4EE3-A821-57D7CDC64312}.Ad-Hoc|iPhoneSimulator.ActiveCfg = Release|Any CPU
		{27475454-5858-4EE3-A821-57D7CDC64312}.Ad-Hoc|iPhoneSimulator.Build.0 = Release|Any CPU
		{27475454-5858-4EE3-A821-57D7CDC64312}.Ad-Hoc|x64.ActiveCfg = Release|Any CPU
		{27475454-5858-4EE3-A821-57D7CDC64312}.Ad-Hoc|x64.Build.0 = Release|Any CPU
		{27475454-5858-4EE3-A821-57D7CDC64312}.Ad-Hoc|x86.ActiveCfg = Release|Any CPU
		{27475454-5858-4EE3-A821-57D7CDC64312}.Ad-Hoc|x86.Build.0 = Release|Any CPU
		{27475454-5858-4EE3-A821-57D7CDC64312}.AppStore|Any CPU.ActiveCfg = Release|Any CPU
		{27475454-5858-4EE3-A821-57D7CDC64312}.AppStore|Any CPU.Build.0 = Release|Any CPU
		{27475454-5858-4EE3-A821-57D7CDC64312}.AppStore|ARM.ActiveCfg = Release|Any CPU
		{27475454-5858-4EE3-A821-57D7CDC64312}.AppStore|ARM.Build.0 = Release|Any CPU
		{27475454-5858-4EE3-A821-57D7CDC64312}.AppStore|iPhone.ActiveCfg = Release|Any CPU
		{27475454-5858-4EE3-A821-57D7CDC64312}.AppStore|iPhone.Build.0 = Release|Any CPU
		{27475454-5858-4EE3-A821-57D7CDC64312}.AppStore|iPhoneSimulator.ActiveCfg = Release|Any CPU
		{27475454-5858-4EE3-A821-57D7CDC64312}.AppStore|iPhoneSimulator.Build.0 = Release|Any CPU
		{27475454-5858-4EE3-A821-57D7CDC64312}.AppStore|x64.ActiveCfg = Release|Any CPU
		{27475454-5858-4EE3-A821-57D7CDC64312}.AppStore|x64.Build.0 = Release|Any CPU
		{27475454-5858-4EE3-A821-57D7CDC64312}.AppStore|x86.ActiveCfg = Release|Any CPU
		{27475454-5858-4EE3-A821-57D7CDC64312}.AppStore|x86.Build.0 = Release|Any CPU
		{27475454-5858-4EE3-A821-57D7CDC64312}.Debug|Any CPU.ActiveCfg = Debug|Any CPU
		{27475454-5858-4EE3-A821-57D7CDC64312}.Debug|Any CPU.Build.0 = Debug|Any CPU
		{27475454-5858-4EE3-A821-57D7CDC64312}.Debug|ARM.ActiveCfg = Debug|Any CPU
		{27475454-5858-4EE3-A821-57D7CDC64312}.Debug|ARM.Build.0 = Debug|Any CPU
		{27475454-5858-4EE3-A821-57D7CDC64312}.Debug|iPhone.ActiveCfg = Debug|Any CPU
		{27475454-5858-4EE3-A821-57D7CDC64312}.Debug|iPhone.Build.0 = Debug|Any CPU
		{27475454-5858-4EE3-A821-57D7CDC64312}.Debug|iPhoneSimulator.ActiveCfg = Debug|Any CPU
		{27475454-5858-4EE3-A821-57D7CDC64312}.Debug|iPhoneSimulator.Build.0 = Debug|Any CPU
		{27475454-5858-4EE3-A821-57D7CDC64312}.Debug|x64.ActiveCfg = Debug|Any CPU
		{27475454-5858-4EE3-A821-57D7CDC64312}.Debug|x64.Build.0 = Debug|Any CPU
		{27475454-5858-4EE3-A821-57D7CDC64312}.Debug|x86.ActiveCfg = Debug|Any CPU
		{27475454-5858-4EE3-A821-57D7CDC64312}.Debug|x86.Build.0 = Debug|Any CPU
		{27475454-5858-4EE3-A821-57D7CDC64312}.Release|Any CPU.ActiveCfg = Release|Any CPU
		{27475454-5858-4EE3-A821-57D7CDC64312}.Release|Any CPU.Build.0 = Release|Any CPU
		{27475454-5858-4EE3-A821-57D7CDC64312}.Release|ARM.ActiveCfg = Release|Any CPU
		{27475454-5858-4EE3-A821-57D7CDC64312}.Release|ARM.Build.0 = Release|Any CPU
		{27475454-5858-4EE3-A821-57D7CDC64312}.Release|iPhone.ActiveCfg = Release|Any CPU
		{27475454-5858-4EE3-A821-57D7CDC64312}.Release|iPhone.Build.0 = Release|Any CPU
		{27475454-5858-4EE3-A821-57D7CDC64312}.Release|iPhoneSimulator.ActiveCfg = Release|Any CPU
		{27475454-5858-4EE3-A821-57D7CDC64312}.Release|iPhoneSimulator.Build.0 = Release|Any CPU
		{27475454-5858-4EE3-A821-57D7CDC64312}.Release|x64.ActiveCfg = Release|Any CPU
		{27475454-5858-4EE3-A821-57D7CDC64312}.Release|x64.Build.0 = Release|Any CPU
		{27475454-5858-4EE3-A821-57D7CDC64312}.Release|x86.ActiveCfg = Release|Any CPU
		{27475454-5858-4EE3-A821-57D7CDC64312}.Release|x86.Build.0 = Release|Any CPU
	EndGlobalSection
	GlobalSection(SolutionProperties) = preSolution
		HideSolutionNode = FALSE
	EndGlobalSection
	GlobalSection(NestedProjects) = preSolution
		{64B3F46B-C49F-4B35-9AEE-D45CD3AFB64E} = {5D804247-9285-43F8-8875-324374E12865}
		{C0C39527-29EE-42C3-8F50-43E7B267A585} = {6C1FD4A6-8478-486A-87A7-A6BAE421FBBD}
		{753F947B-0F60-403B-BC1A-A4B540A9151E} = {6C1FD4A6-8478-486A-87A7-A6BAE421FBBD}
		{E44A0763-B53E-458B-8C50-93ECBFEE2B8F} = {6C1FD4A6-8478-486A-87A7-A6BAE421FBBD}
		{8C18E2A4-4DC0-4E1A-A6AC-36315E2B00C2} = {16F6221C-FEEB-4CE4-AD79-CAEB61A4BDEE}
		{AE0E6935-9DEA-4F3A-A6DA-88893E69A5FA} = {BB9F6590-E8F3-4621-9C4A-57EDA04CBFA4}
		{2E39DB23-F13B-42AC-88A1-5EC9AA847214} = {16F6221C-FEEB-4CE4-AD79-CAEB61A4BDEE}
		{9A064356-B3C0-4A27-B0ED-DC8D300F0226} = {BB9F6590-E8F3-4621-9C4A-57EDA04CBFA4}
		{A8162A8D-6484-47BC-BEA4-30D2644949E7} = {BB9F6590-E8F3-4621-9C4A-57EDA04CBFA4}
		{86F36726-C117-4CC7-9378-587AAD4AFDD8} = {16F6221C-FEEB-4CE4-AD79-CAEB61A4BDEE}
		{90529955-3126-4DE8-AF3A-A13D9CF1F479} = {BB9F6590-E8F3-4621-9C4A-57EDA04CBFA4}
		{7D9BB6F0-1271-41F9-97E8-327855CBE3A6} = {BB9F6590-E8F3-4621-9C4A-57EDA04CBFA4}
		{27475454-5858-4EE3-A821-57D7CDC64312} = {CE29A4A5-2012-4E70-805B-548616212348}
	EndGlobalSection
	GlobalSection(ExtensibilityGlobals) = postSolution
		SolutionGuid = {677F6364-701B-494C-9466-C65F239A52AF}
	EndGlobalSection
	GlobalSection(TeamFoundationVersionControl) = preSolution
		SccNumberOfProjects = 14
		SccEnterpriseProvider = {4CA58AB2-18FA-4F8D-95D4-32DDF27D184C}
		SccTeamFoundationServer = https://dangerchcovich.visualstudio.com/
		SccLocalPath0 = .
		SccProjectUniqueName1 = Cross.DataVault\\Cross.DataVault.Android\\Cross.DataVault.Android.csproj
		SccProjectTopLevelParentUniqueName1 = Cross.DataVault.sln
		SccProjectName1 = Cross.DataVault/Cross.DataVault.Android
		SccLocalPath1 = Cross.DataVault\\Cross.DataVault.Android
		SccProjectUniqueName2 = Cross.DataVault\\Cross.DataVault.iOS\\Cross.DataVault.iOS.csproj
		SccProjectTopLevelParentUniqueName2 = Cross.DataVault.sln
		SccProjectName2 = Cross.DataVault/Cross.DataVault.iOS
		SccLocalPath2 = Cross.DataVault\\Cross.DataVault.iOS
		SccProjectUniqueName3 = Cross.DataVault\\Cross.DataVault.UWP\\Cross.DataVault.UWP.csproj
		SccProjectTopLevelParentUniqueName3 = Cross.DataVault.sln
		SccProjectName3 = Cross.DataVault/Cross.DataVault.UWP
		SccLocalPath3 = Cross.DataVault\\Cross.DataVault.UWP
		SccProjectUniqueName4 = Cross.DataVault\\Cross.DataVault\\Cross.DataVault.csproj
		SccProjectTopLevelParentUniqueName4 = Cross.DataVault.sln
		SccProjectName4 = Cross.DataVault/Cross.DataVault
		SccLocalPath4 = Cross.DataVault\\Cross.DataVault
		SccProjectUniqueName5 = Cross.DataVault.Data\\Cross.DataVault.Data.csproj
		SccProjectTopLevelParentUniqueName5 = Cross.DataVault.sln
		SccProjectName5 = Cross.DataVault.Data
		SccLocalPath5 = Cross.DataVault.Data
		SccProjectUniqueName6 = Cross.DataVault.Contracts\\Cross.DataVault.Contracts.csproj
		SccProjectTopLevelParentUniqueName6 = Cross.DataVault.sln
		SccProjectName6 = Cross.DataVault.Contracts
		SccLocalPath6 = Cross.DataVault.Contracts
		SccProjectUniqueName7 = Cross.DataVault.Data.Server\\Cross.DataVault.Data.Server.csproj
		SccProjectTopLevelParentUniqueName7 = Cross.DataVault.sln
		SccProjectName7 = Cross.DataVault.Data.Server
		SccLocalPath7 = Cross.DataVault.Data.Server
		SccProjectUniqueName8 = Cross.DataVault.CloudService\\Cross.DataVault.CloudService.ccproj
		SccProjectTopLevelParentUniqueName8 = Cross.DataVault.sln
		SccProjectName8 = Cross.DataVault.CloudService
		SccLocalPath8 = Cross.DataVault.CloudService
		SccProjectUniqueName9 = DataVaultService\\DataVaultService.csproj
		SccProjectTopLevelParentUniqueName9 = Cross.DataVault.sln
		SccProjectName9 = DataVaultService
		SccLocalPath9 = DataVaultService
		SccProjectUniqueName10 = Cross.DataVault.Server.DataAccess\\Cross.DataVault.Server.DataAccess.csproj
		SccProjectTopLevelParentUniqueName10 = Cross.DataVault.sln
		SccProjectName10 = Cross.DataVault.Server.DataAccess
		SccLocalPath10 = Cross.DataVault.Server.DataAccess
		SccProjectUniqueName11 = DataVaultService.AccountManagement\\DataVaultService.AccountManagement.csproj
		SccProjectTopLevelParentUniqueName11 = Cross.DataVault.sln
		SccProjectName11 = DataVaultService.AccountManagement
		SccLocalPath11 = DataVaultService.AccountManagement
		SccProjectUniqueName12 = Cross.DataVault.ServiceAccess.PCL\\Cross.DataVault.ServiceAccess.PCL.csproj
		SccProjectTopLevelParentUniqueName12 = Cross.DataVault.sln
		SccProjectName12 = Cross.DataVault.ServiceAccess.PCL
		SccLocalPath12 = Cross.DataVault.ServiceAccess.PCL
		SccProjectUniqueName13 = Cross.DataVault.Helpers\\Cross.DataVault.Helpers.csproj
		SccProjectTopLevelParentUniqueName13 = Cross.DataVault.sln
		SccProjectName13 = Cross.DataVault.Helpers
		SccLocalPath13 = Cross.DataVault.Helpers
	EndGlobalSection
EndGlobal
