
Microsoft Visual Studio Solution File, Format Version 12.00
# Visual Studio 15
VisualStudioVersion = 15.0.28010.2048
MinimumVisualStudioVersion = 10.0.40219.1
Project("{FAE04EC0-301F-11D3-BF4B-00C04F79EFBC}") = "MiniVault", "MiniVault\MiniVault.csproj", "{58FF2CE3-C228-46E9-B5AF-4C865A66509E}"
EndProject
Project("{2150E333-8FDC-42A3-9474-1A3956D46DE8}") = "Data", "Data", "{E9EA72D1-E572-4D5D-9B37-52550066AA8F}"
EndProject
Project("{2150E333-8FDC-42A3-9474-1A3956D46DE8}") = "Core", "Core", "{0281F378-498F-4D3F-982A-830D70E95618}"
EndProject
Project("{2150E333-8FDC-42A3-9474-1A3956D46DE8}") = "Clients", "Clients", "{8CF5B6A3-39AD-4919-BD6E-FED7F0B483F7}"
EndProject
Global
	GlobalSection(SolutionConfigurationPlatforms) = preSolution
		Debug|Any CPU = Debug|Any CPU
		Release|Any CPU = Release|Any CPU
	EndGlobalSection
	GlobalSection(ProjectConfigurationPlatforms) = postSolution
		{58FF2CE3-C228-46E9-B5AF-4C865A66509E}.Debug|Any CPU.ActiveCfg = Debug|Any CPU
		{58FF2CE3-C228-46E9-B5AF-4C865A66509E}.Debug|Any CPU.Build.0 = Debug|Any CPU
		{58FF2CE3-C228-46E9-B5AF-4C865A66509E}.Release|Any CPU.ActiveCfg = Release|Any CPU
		{58FF2CE3-C228-46E9-B5AF-4C865A66509E}.Release|Any CPU.Build.0 = Release|Any CPU
	EndGlobalSection
	GlobalSection(SolutionProperties) = preSolution
		HideSolutionNode = FALSE
	EndGlobalSection
	GlobalSection(NestedProjects) = preSolution
		{58FF2CE3-C228-46E9-B5AF-4C865A66509E} = {8CF5B6A3-39AD-4919-BD6E-FED7F0B483F7}
	EndGlobalSection
	GlobalSection(ExtensibilityGlobals) = postSolution
		SolutionGuid = {E6A0B5F6-6D58-4AAF-93F2-14E95AB76F49}
	EndGlobalSection
	GlobalSection(TeamFoundationVersionControl) = preSolution
		SccNumberOfProjects = 2
		SccEnterpriseProvider = {4CA58AB2-18FA-4F8D-95D4-32DDF27D184C}
		SccTeamFoundationServer = https://dangerchcovich.visualstudio.com/
		SccLocalPath0 = .
		SccProjectUniqueName1 = MiniVault\\MiniVault.csproj
		SccProjectTopLevelParentUniqueName1 = MiniVault.sln
		SccProjectName1 = MiniVault
		SccLocalPath1 = MiniVault
	EndGlobalSection
EndGlobal
